// !$*UTF8*$!
{
	archiveVersion = 1;
	classes = {
	};
	objectVersion = 46;
	objects = {

/* Begin PBXBuildFile section */
		3B0E79C11CDA2E02000065A0 /* PreyHTTPResponse.swift in Sources */ = {isa = PBXBuildFile; fileRef = 3B0E79C01CDA2E02000065A0 /* PreyHTTPResponse.swift */; };
		3B40A9051CD8FC8400BF98F6 /* PreyNotification.swift in Sources */ = {isa = PBXBuildFile; fileRef = 3B40A9041CD8FC8400BF98F6 /* PreyNotification.swift */; };
		3B4F679F1CEA061E00F58FAD /* Alarm.swift in Sources */ = {isa = PBXBuildFile; fileRef = 3B4F679E1CEA061E00F58FAD /* Alarm.swift */; };
		3B4F67A31CEA085200F58FAD /* shutter.aiff in Resources */ = {isa = PBXBuildFile; fileRef = 3B4F67A11CEA085200F58FAD /* shutter.aiff */; };
		3B4F67A41CEA085200F58FAD /* siren.mp3 in Resources */ = {isa = PBXBuildFile; fileRef = 3B4F67A21CEA085200F58FAD /* siren.mp3 */; };
		3B6D70A01CD7D62A00DEB461 /* UIDeviceExt.swift in Sources */ = {isa = PBXBuildFile; fileRef = 3B6D709F1CD7D62A00DEB461 /* UIDeviceExt.swift */; };
		3B6D70A31CD7E3D400DEB461 /* StringExt.swift in Sources */ = {isa = PBXBuildFile; fileRef = 3B6D70A21CD7E3D400DEB461 /* StringExt.swift */; };
		3B77804E1A600CCE0050C747 /* PreyUser.swift in Sources */ = {isa = PBXBuildFile; fileRef = 3B77804D1A600CCE0050C747 /* PreyUser.swift */; };
		3B8283F8199198E6000E4545 /* PreyStoryBoard.storyboard in Resources */ = {isa = PBXBuildFile; fileRef = 3B8283F6199198E6000E4545 /* PreyStoryBoard.storyboard */; };
		3B8283FA199198E6000E4545 /* Images.xcassets in Resources */ = {isa = PBXBuildFile; fileRef = 3B8283F9199198E6000E4545 /* Images.xcassets */; };
		3B828406199198E6000E4545 /* PreyTests.swift in Sources */ = {isa = PBXBuildFile; fileRef = 3B828405199198E6000E4545 /* PreyTests.swift */; };
		3B8E57D11A2E7B4A0027179E /* WelcomeVC.swift in Sources */ = {isa = PBXBuildFile; fileRef = 3B8E57D01A2E7B4A0027179E /* WelcomeVC.swift */; };
		3B8E57DA1A2E7B530027179E /* AppDelegate.swift in Sources */ = {isa = PBXBuildFile; fileRef = 3B8E57D21A2E7B530027179E /* AppDelegate.swift */; };
		3B8E57DB1A2E7B530027179E /* DeviceSetUpVC.swift in Sources */ = {isa = PBXBuildFile; fileRef = 3B8E57D31A2E7B530027179E /* DeviceSetUpVC.swift */; };
		3B8E57DC1A2E7B530027179E /* HomeVC.swift in Sources */ = {isa = PBXBuildFile; fileRef = 3B8E57D41A2E7B530027179E /* HomeVC.swift */; };
		3B8E57DD1A2E7B530027179E /* LogInVC.swift in Sources */ = {isa = PBXBuildFile; fileRef = 3B8E57D51A2E7B530027179E /* LogInVC.swift */; };
		3B8E57DE1A2E7B530027179E /* PreyHTTPClient.swift in Sources */ = {isa = PBXBuildFile; fileRef = 3B8E57D61A2E7B530027179E /* PreyHTTPClient.swift */; };
		3B8E57DF1A2E7B530027179E /* PurchasesVC.swift in Sources */ = {isa = PBXBuildFile; fileRef = 3B8E57D71A2E7B530027179E /* PurchasesVC.swift */; };
		3B8E57E01A2E7B530027179E /* SettingsVC.swift in Sources */ = {isa = PBXBuildFile; fileRef = 3B8E57D81A2E7B530027179E /* SettingsVC.swift */; };
		3B8E57E11A2E7B530027179E /* SignUpVC.swift in Sources */ = {isa = PBXBuildFile; fileRef = 3B8E57D91A2E7B530027179E /* SignUpVC.swift */; };
		3B9DDC961CDB891C0052A21D /* PreyAction.swift in Sources */ = {isa = PBXBuildFile; fileRef = 3B9DDC951CDB891C0052A21D /* PreyAction.swift */; };
		3B9DDC981CDB9CD70052A21D /* Location.swift in Sources */ = {isa = PBXBuildFile; fileRef = 3B9DDC971CDB9CD70052A21D /* Location.swift */; };
		3B9DDC9A1CDBBF030052A21D /* PreyModule.swift in Sources */ = {isa = PBXBuildFile; fileRef = 3B9DDC991CDBBF030052A21D /* PreyModule.swift */; };
		3BB7EAC31A1E78DC003FC312 /* OpenSans-Bold.ttf in Resources */ = {isa = PBXBuildFile; fileRef = 3BB7EABF1A1E78DB003FC312 /* OpenSans-Bold.ttf */; };
		3BB7EAC41A1E78DC003FC312 /* OpenSans-Regular.ttf in Resources */ = {isa = PBXBuildFile; fileRef = 3BB7EAC01A1E78DC003FC312 /* OpenSans-Regular.ttf */; };
		3BB7EAC51A1E78DC003FC312 /* OpenSans-Semibold.ttf in Resources */ = {isa = PBXBuildFile; fileRef = 3BB7EAC11A1E78DC003FC312 /* OpenSans-Semibold.ttf */; };
		3BB7EAC61A1E78DC003FC312 /* Roboto-Regular.ttf in Resources */ = {isa = PBXBuildFile; fileRef = 3BB7EAC21A1E78DC003FC312 /* Roboto-Regular.ttf */; };
		3BC3C0981C9733BA00D08D62 /* Constants.swift in Sources */ = {isa = PBXBuildFile; fileRef = 3BC3C0971C9733BA00D08D62 /* Constants.swift */; };
		3BCD4C881C985A3100CDEE1C /* PreyConfig.swift in Sources */ = {isa = PBXBuildFile; fileRef = 3BCD4C871C985A3100CDEE1C /* PreyConfig.swift */; };
		3BCD4C8A1C9867E200CDEE1C /* PreyDevice.swift in Sources */ = {isa = PBXBuildFile; fileRef = 3BCD4C891C9867E200CDEE1C /* PreyDevice.swift */; };
		3BCD4C8F1C98942900CDEE1C /* Localizable.strings in Resources */ = {isa = PBXBuildFile; fileRef = 3BCD4C8C1C98942900CDEE1C /* Localizable.strings */; };
/* End PBXBuildFile section */

/* Begin PBXContainerItemProxy section */
		3B828400199198E6000E4545 /* PBXContainerItemProxy */ = {
			isa = PBXContainerItemProxy;
			containerPortal = 3B8283E5199198E6000E4545 /* Project object */;
			proxyType = 1;
			remoteGlobalIDString = 3B8283EC199198E6000E4545;
			remoteInfo = Prey;
		};
		3B82840F19919ABC000E4545 /* PBXContainerItemProxy */ = {
			isa = PBXContainerItemProxy;
			containerPortal = 3B8283E5199198E6000E4545 /* Project object */;
			proxyType = 1;
			remoteGlobalIDString = 3B8283EC199198E6000E4545;
			remoteInfo = Prey;
		};
		3B82841119919ABC000E4545 /* PBXContainerItemProxy */ = {
			isa = PBXContainerItemProxy;
			containerPortal = 3B8283E5199198E6000E4545 /* Project object */;
			proxyType = 1;
			remoteGlobalIDString = 3B8283EC199198E6000E4545;
			remoteInfo = Prey;
		};
/* End PBXContainerItemProxy section */

/* Begin PBXFileReference section */
		3B0E79C01CDA2E02000065A0 /* PreyHTTPResponse.swift */ = {isa = PBXFileReference; fileEncoding = 4; lastKnownFileType = sourcecode.swift; name = PreyHTTPResponse.swift; path = Classes/PreyHTTPResponse.swift; sourceTree = "<group>"; };
		3B40A9041CD8FC8400BF98F6 /* PreyNotification.swift */ = {isa = PBXFileReference; fileEncoding = 4; lastKnownFileType = sourcecode.swift; name = PreyNotification.swift; path = Classes/PreyNotification.swift; sourceTree = "<group>"; };
		3B4F679E1CEA061E00F58FAD /* Alarm.swift */ = {isa = PBXFileReference; fileEncoding = 4; lastKnownFileType = sourcecode.swift; name = Alarm.swift; path = Classes/Alarm.swift; sourceTree = "<group>"; };
		3B4F67A11CEA085200F58FAD /* shutter.aiff */ = {isa = PBXFileReference; lastKnownFileType = audio.aiff; path = shutter.aiff; sourceTree = "<group>"; };
		3B4F67A21CEA085200F58FAD /* siren.mp3 */ = {isa = PBXFileReference; lastKnownFileType = audio.mp3; path = siren.mp3; sourceTree = "<group>"; };
		3B6D709F1CD7D62A00DEB461 /* UIDeviceExt.swift */ = {isa = PBXFileReference; fileEncoding = 4; lastKnownFileType = sourcecode.swift; name = UIDeviceExt.swift; path = Classes/UIDeviceExt.swift; sourceTree = "<group>"; };
		3B6D70A21CD7E3D400DEB461 /* StringExt.swift */ = {isa = PBXFileReference; fileEncoding = 4; lastKnownFileType = sourcecode.swift; name = StringExt.swift; path = Classes/StringExt.swift; sourceTree = "<group>"; };
		3B77804D1A600CCE0050C747 /* PreyUser.swift */ = {isa = PBXFileReference; fileEncoding = 4; lastKnownFileType = sourcecode.swift; name = PreyUser.swift; path = Classes/PreyUser.swift; sourceTree = "<group>"; };
		3B8283ED199198E6000E4545 /* Prey.app */ = {isa = PBXFileReference; explicitFileType = wrapper.application; includeInIndex = 0; path = Prey.app; sourceTree = BUILT_PRODUCTS_DIR; };
		3B8283F1199198E6000E4545 /* Info.plist */ = {isa = PBXFileReference; lastKnownFileType = text.plist.xml; path = Info.plist; sourceTree = "<group>"; };
		3B8283F7199198E6000E4545 /* Base */ = {isa = PBXFileReference; lastKnownFileType = file.storyboard; name = Base; path = Base.lproj/PreyStoryBoard.storyboard; sourceTree = "<group>"; };
		3B8283F9199198E6000E4545 /* Images.xcassets */ = {isa = PBXFileReference; lastKnownFileType = folder.assetcatalog; path = Images.xcassets; sourceTree = "<group>"; };
		3B8283FF199198E6000E4545 /* PreyTests.xctest */ = {isa = PBXFileReference; explicitFileType = wrapper.cfbundle; includeInIndex = 0; path = PreyTests.xctest; sourceTree = BUILT_PRODUCTS_DIR; };
		3B828404199198E6000E4545 /* Info.plist */ = {isa = PBXFileReference; lastKnownFileType = text.plist.xml; path = Info.plist; sourceTree = "<group>"; };
		3B828405199198E6000E4545 /* PreyTests.swift */ = {isa = PBXFileReference; lastKnownFileType = sourcecode.swift; path = PreyTests.swift; sourceTree = "<group>"; };
		3B8E57D01A2E7B4A0027179E /* WelcomeVC.swift */ = {isa = PBXFileReference; fileEncoding = 4; lastKnownFileType = sourcecode.swift; name = WelcomeVC.swift; path = Classes/WelcomeVC.swift; sourceTree = "<group>"; };
		3B8E57D21A2E7B530027179E /* AppDelegate.swift */ = {isa = PBXFileReference; fileEncoding = 4; lastKnownFileType = sourcecode.swift; name = AppDelegate.swift; path = Classes/AppDelegate.swift; sourceTree = "<group>"; };
		3B8E57D31A2E7B530027179E /* DeviceSetUpVC.swift */ = {isa = PBXFileReference; fileEncoding = 4; lastKnownFileType = sourcecode.swift; name = DeviceSetUpVC.swift; path = Classes/DeviceSetUpVC.swift; sourceTree = "<group>"; };
		3B8E57D41A2E7B530027179E /* HomeVC.swift */ = {isa = PBXFileReference; fileEncoding = 4; lastKnownFileType = sourcecode.swift; name = HomeVC.swift; path = Classes/HomeVC.swift; sourceTree = "<group>"; };
		3B8E57D51A2E7B530027179E /* LogInVC.swift */ = {isa = PBXFileReference; fileEncoding = 4; lastKnownFileType = sourcecode.swift; name = LogInVC.swift; path = Classes/LogInVC.swift; sourceTree = "<group>"; };
		3B8E57D61A2E7B530027179E /* PreyHTTPClient.swift */ = {isa = PBXFileReference; fileEncoding = 4; lastKnownFileType = sourcecode.swift; name = PreyHTTPClient.swift; path = Classes/PreyHTTPClient.swift; sourceTree = "<group>"; };
		3B8E57D71A2E7B530027179E /* PurchasesVC.swift */ = {isa = PBXFileReference; fileEncoding = 4; lastKnownFileType = sourcecode.swift; name = PurchasesVC.swift; path = Classes/PurchasesVC.swift; sourceTree = "<group>"; };
		3B8E57D81A2E7B530027179E /* SettingsVC.swift */ = {isa = PBXFileReference; fileEncoding = 4; lastKnownFileType = sourcecode.swift; name = SettingsVC.swift; path = Classes/SettingsVC.swift; sourceTree = "<group>"; };
		3B8E57D91A2E7B530027179E /* SignUpVC.swift */ = {isa = PBXFileReference; fileEncoding = 4; lastKnownFileType = sourcecode.swift; name = SignUpVC.swift; path = Classes/SignUpVC.swift; sourceTree = "<group>"; };
		3B9DDC951CDB891C0052A21D /* PreyAction.swift */ = {isa = PBXFileReference; fileEncoding = 4; lastKnownFileType = sourcecode.swift; name = PreyAction.swift; path = Classes/PreyAction.swift; sourceTree = "<group>"; };
		3B9DDC971CDB9CD70052A21D /* Location.swift */ = {isa = PBXFileReference; fileEncoding = 4; lastKnownFileType = sourcecode.swift; name = Location.swift; path = Classes/Location.swift; sourceTree = "<group>"; };
		3B9DDC991CDBBF030052A21D /* PreyModule.swift */ = {isa = PBXFileReference; fileEncoding = 4; lastKnownFileType = sourcecode.swift; name = PreyModule.swift; path = Classes/PreyModule.swift; sourceTree = "<group>"; };
		3BB7EABF1A1E78DB003FC312 /* OpenSans-Bold.ttf */ = {isa = PBXFileReference; lastKnownFileType = file; path = "OpenSans-Bold.ttf"; sourceTree = "<group>"; };
		3BB7EAC01A1E78DC003FC312 /* OpenSans-Regular.ttf */ = {isa = PBXFileReference; lastKnownFileType = file; path = "OpenSans-Regular.ttf"; sourceTree = "<group>"; };
		3BB7EAC11A1E78DC003FC312 /* OpenSans-Semibold.ttf */ = {isa = PBXFileReference; lastKnownFileType = file; path = "OpenSans-Semibold.ttf"; sourceTree = "<group>"; };
		3BB7EAC21A1E78DC003FC312 /* Roboto-Regular.ttf */ = {isa = PBXFileReference; lastKnownFileType = file; path = "Roboto-Regular.ttf"; sourceTree = "<group>"; };
		3BC3C0971C9733BA00D08D62 /* Constants.swift */ = {isa = PBXFileReference; fileEncoding = 4; lastKnownFileType = sourcecode.swift; name = Constants.swift; path = Classes/Constants.swift; sourceTree = "<group>"; };
		3BCD4C871C985A3100CDEE1C /* PreyConfig.swift */ = {isa = PBXFileReference; fileEncoding = 4; lastKnownFileType = sourcecode.swift; name = PreyConfig.swift; path = Classes/PreyConfig.swift; sourceTree = "<group>"; };
		3BCD4C891C9867E200CDEE1C /* PreyDevice.swift */ = {isa = PBXFileReference; fileEncoding = 4; lastKnownFileType = sourcecode.swift; name = PreyDevice.swift; path = Classes/PreyDevice.swift; sourceTree = "<group>"; };
		3BCD4C8D1C98942900CDEE1C /* en */ = {isa = PBXFileReference; lastKnownFileType = text.plist.strings; name = en; path = en.lproj/Localizable.strings; sourceTree = "<group>"; };
		3BCD4C8E1C98942900CDEE1C /* es */ = {isa = PBXFileReference; lastKnownFileType = text.plist.strings; name = es; path = es.lproj/Localizable.strings; sourceTree = "<group>"; };
/* End PBXFileReference section */

/* Begin PBXFrameworksBuildPhase section */
		3B8283EA199198E6000E4545 /* Frameworks */ = {
			isa = PBXFrameworksBuildPhase;
			buildActionMask = 2147483647;
			files = (
			);
			runOnlyForDeploymentPostprocessing = 0;
		};
		3B8283FC199198E6000E4545 /* Frameworks */ = {
			isa = PBXFrameworksBuildPhase;
			buildActionMask = 2147483647;
			files = (
			);
			runOnlyForDeploymentPostprocessing = 0;
		};
/* End PBXFrameworksBuildPhase section */

/* Begin PBXGroup section */
		3B4F67A01CEA085200F58FAD /* Sounds */ = {
			isa = PBXGroup;
			children = (
				3B4F67A11CEA085200F58FAD /* shutter.aiff */,
				3B4F67A21CEA085200F58FAD /* siren.mp3 */,
			);
			path = Sounds;
			sourceTree = "<group>";
		};
		3B6D70A11CD7E34800DEB461 /* Extension */ = {
			isa = PBXGroup;
			children = (
				3B6D709F1CD7D62A00DEB461 /* UIDeviceExt.swift */,
				3B6D70A21CD7E3D400DEB461 /* StringExt.swift */,
			);
			name = Extension;
			sourceTree = "<group>";
		};
		3B6D70A41CD7EDCE00DEB461 /* Prey Http */ = {
			isa = PBXGroup;
			children = (
				3B77804D1A600CCE0050C747 /* PreyUser.swift */,
				3BCD4C891C9867E200CDEE1C /* PreyDevice.swift */,
				3B8E57D61A2E7B530027179E /* PreyHTTPClient.swift */,
				3B0E79C01CDA2E02000065A0 /* PreyHTTPResponse.swift */,
			);
			name = "Prey Http";
			sourceTree = "<group>";
		};
		3B8283E4199198E6000E4545 = {
			isa = PBXGroup;
			children = (
				3B8283EF199198E6000E4545 /* Prey */,
				3BCD4C8B1C98942900CDEE1C /* Localizable.strings */,
				3B828402199198E6000E4545 /* PreyTests */,
				3B8283EE199198E6000E4545 /* Products */,
			);
			sourceTree = "<group>";
		};
		3B8283EE199198E6000E4545 /* Products */ = {
			isa = PBXGroup;
			children = (
				3B8283ED199198E6000E4545 /* Prey.app */,
				3B8283FF199198E6000E4545 /* PreyTests.xctest */,
			);
			name = Products;
			sourceTree = "<group>";
		};
		3B8283EF199198E6000E4545 /* Prey */ = {
			isa = PBXGroup;
			children = (
				3B6D70A11CD7E34800DEB461 /* Extension */,
				3B8E57CD1A2E71B30027179E /* ViewController */,
				3B9DDC9B1CDBD02D0052A21D /* PreyModules */,
				3B6D70A41CD7EDCE00DEB461 /* Prey Http */,
				3B8E57D21A2E7B530027179E /* AppDelegate.swift */,
				3B40A9041CD8FC8400BF98F6 /* PreyNotification.swift */,
				3BCD4C871C985A3100CDEE1C /* PreyConfig.swift */,
				3BC3C0971C9733BA00D08D62 /* Constants.swift */,
				3B8283F6199198E6000E4545 /* PreyStoryBoard.storyboard */,
				3B8283F9199198E6000E4545 /* Images.xcassets */,
				3B4F67A01CEA085200F58FAD /* Sounds */,
				3BB7EABE1A1E78DB003FC312 /* Fonts */,
				3B8283F0199198E6000E4545 /* Supporting Files */,
			);
			path = Prey;
			sourceTree = "<group>";
		};
		3B8283F0199198E6000E4545 /* Supporting Files */ = {
			isa = PBXGroup;
			children = (
				3B8283F1199198E6000E4545 /* Info.plist */,
			);
			name = "Supporting Files";
			sourceTree = "<group>";
		};
		3B828402199198E6000E4545 /* PreyTests */ = {
			isa = PBXGroup;
			children = (
				3B828405199198E6000E4545 /* PreyTests.swift */,
				3B828403199198E6000E4545 /* Supporting Files */,
			);
			path = PreyTests;
			sourceTree = "<group>";
		};
		3B828403199198E6000E4545 /* Supporting Files */ = {
			isa = PBXGroup;
			children = (
				3B828404199198E6000E4545 /* Info.plist */,
			);
			name = "Supporting Files";
			sourceTree = "<group>";
		};
		3B8E57CD1A2E71B30027179E /* ViewController */ = {
			isa = PBXGroup;
			children = (
				3B8E57D01A2E7B4A0027179E /* WelcomeVC.swift */,
				3B8E57D91A2E7B530027179E /* SignUpVC.swift */,
				3B8E57D51A2E7B530027179E /* LogInVC.swift */,
				3B8E57D31A2E7B530027179E /* DeviceSetUpVC.swift */,
				3B8E57D41A2E7B530027179E /* HomeVC.swift */,
				3B8E57D81A2E7B530027179E /* SettingsVC.swift */,
				3B8E57D71A2E7B530027179E /* PurchasesVC.swift */,
			);
			name = ViewController;
			sourceTree = "<group>";
		};
		3B9DDC9B1CDBD02D0052A21D /* PreyModules */ = {
			isa = PBXGroup;
			children = (
				3B9DDC991CDBBF030052A21D /* PreyModule.swift */,
				3B9DDC951CDB891C0052A21D /* PreyAction.swift */,
				3B9DDC971CDB9CD70052A21D /* Location.swift */,
				3B4F679E1CEA061E00F58FAD /* Alarm.swift */,
			);
			name = PreyModules;
			sourceTree = "<group>";
		};
		3BB7EABE1A1E78DB003FC312 /* Fonts */ = {
			isa = PBXGroup;
			children = (
				3BB7EABF1A1E78DB003FC312 /* OpenSans-Bold.ttf */,
				3BB7EAC01A1E78DC003FC312 /* OpenSans-Regular.ttf */,
				3BB7EAC11A1E78DC003FC312 /* OpenSans-Semibold.ttf */,
				3BB7EAC21A1E78DC003FC312 /* Roboto-Regular.ttf */,
			);
			path = Fonts;
			sourceTree = "<group>";
		};
		3BCD4C8B1C98942900CDEE1C /* Localizable.strings */ = {
			isa = PBXGroup;
			children = (
				3BCD4C8C1C98942900CDEE1C /* Localizable.strings */,
			);
			name = Localizable.strings;
			path = Prey/Localizable.strings;
			sourceTree = "<group>";
		};
/* End PBXGroup section */

/* Begin PBXNativeTarget section */
		3B8283EC199198E6000E4545 /* Prey */ = {
			isa = PBXNativeTarget;
			buildConfigurationList = 3B828409199198E6000E4545 /* Build configuration list for PBXNativeTarget "Prey" */;
			buildPhases = (
				3B8283E9199198E6000E4545 /* Sources */,
				3B8283EA199198E6000E4545 /* Frameworks */,
				3B8283EB199198E6000E4545 /* Resources */,
			);
			buildRules = (
			);
			dependencies = (
			);
			name = Prey;
			productName = Prey;
			productReference = 3B8283ED199198E6000E4545 /* Prey.app */;
			productType = "com.apple.product-type.application";
		};
		3B8283FE199198E6000E4545 /* PreyTests */ = {
			isa = PBXNativeTarget;
			buildConfigurationList = 3B82840C199198E6000E4545 /* Build configuration list for PBXNativeTarget "PreyTests" */;
			buildPhases = (
				3B8283FB199198E6000E4545 /* Sources */,
				3B8283FC199198E6000E4545 /* Frameworks */,
				3B8283FD199198E6000E4545 /* Resources */,
			);
			buildRules = (
			);
			dependencies = (
				3B828401199198E6000E4545 /* PBXTargetDependency */,
				3B82841019919ABC000E4545 /* PBXTargetDependency */,
				3B82841219919ABC000E4545 /* PBXTargetDependency */,
			);
			name = PreyTests;
			productName = PreyTests;
			productReference = 3B8283FF199198E6000E4545 /* PreyTests.xctest */;
			productType = "com.apple.product-type.bundle.unit-test";
		};
/* End PBXNativeTarget section */

/* Begin PBXProject section */
		3B8283E5199198E6000E4545 /* Project object */ = {
			isa = PBXProject;
			attributes = {
				LastSwiftMigration = 0720;
				LastSwiftUpdateCheck = 0720;
				LastUpgradeCheck = 0720;
				ORGANIZATIONNAME = "Fork Ltd.";
				TargetAttributes = {
					3B8283EC199198E6000E4545 = {
						CreatedOnToolsVersion = 6.0;
					};
					3B8283FE199198E6000E4545 = {
						CreatedOnToolsVersion = 6.0;
						TestTargetID = 3B8283EC199198E6000E4545;
					};
				};
			};
			buildConfigurationList = 3B8283E8199198E6000E4545 /* Build configuration list for PBXProject "Prey" */;
			compatibilityVersion = "Xcode 3.2";
			developmentRegion = English;
			hasScannedForEncodings = 0;
			knownRegions = (
				en,
				Base,
				es,
			);
			mainGroup = 3B8283E4199198E6000E4545;
			productRefGroup = 3B8283EE199198E6000E4545 /* Products */;
			projectDirPath = "";
			projectRoot = "";
			targets = (
				3B8283EC199198E6000E4545 /* Prey */,
				3B8283FE199198E6000E4545 /* PreyTests */,
			);
		};
/* End PBXProject section */

/* Begin PBXResourcesBuildPhase section */
		3B8283EB199198E6000E4545 /* Resources */ = {
			isa = PBXResourcesBuildPhase;
			buildActionMask = 2147483647;
			files = (
				3BB7EAC61A1E78DC003FC312 /* Roboto-Regular.ttf in Resources */,
				3B4F67A41CEA085200F58FAD /* siren.mp3 in Resources */,
				3B8283F8199198E6000E4545 /* PreyStoryBoard.storyboard in Resources */,
				3B8283FA199198E6000E4545 /* Images.xcassets in Resources */,
				3BCD4C8F1C98942900CDEE1C /* Localizable.strings in Resources */,
				3BB7EAC41A1E78DC003FC312 /* OpenSans-Regular.ttf in Resources */,
				3BB7EAC31A1E78DC003FC312 /* OpenSans-Bold.ttf in Resources */,
				3BB7EAC51A1E78DC003FC312 /* OpenSans-Semibold.ttf in Resources */,
				3B4F67A31CEA085200F58FAD /* shutter.aiff in Resources */,
			);
			runOnlyForDeploymentPostprocessing = 0;
		};
		3B8283FD199198E6000E4545 /* Resources */ = {
			isa = PBXResourcesBuildPhase;
			buildActionMask = 2147483647;
			files = (
			);
			runOnlyForDeploymentPostprocessing = 0;
		};
/* End PBXResourcesBuildPhase section */

/* Begin PBXSourcesBuildPhase section */
		3B8283E9199198E6000E4545 /* Sources */ = {
			isa = PBXSourcesBuildPhase;
			buildActionMask = 2147483647;
			files = (
				3BCD4C8A1C9867E200CDEE1C /* PreyDevice.swift in Sources */,
				3B8E57E01A2E7B530027179E /* SettingsVC.swift in Sources */,
				3B6D70A31CD7E3D400DEB461 /* StringExt.swift in Sources */,
				3BC3C0981C9733BA00D08D62 /* Constants.swift in Sources */,
				3B8E57DA1A2E7B530027179E /* AppDelegate.swift in Sources */,
				3B4F679F1CEA061E00F58FAD /* Alarm.swift in Sources */,
				3B77804E1A600CCE0050C747 /* PreyUser.swift in Sources */,
				3B8E57D11A2E7B4A0027179E /* WelcomeVC.swift in Sources */,
				3B0E79C11CDA2E02000065A0 /* PreyHTTPResponse.swift in Sources */,
				3BCD4C881C985A3100CDEE1C /* PreyConfig.swift in Sources */,
				3B40A9051CD8FC8400BF98F6 /* PreyNotification.swift in Sources */,
				3B8E57DF1A2E7B530027179E /* PurchasesVC.swift in Sources */,
				3B8E57DC1A2E7B530027179E /* HomeVC.swift in Sources */,
				3B8E57E11A2E7B530027179E /* SignUpVC.swift in Sources */,
				3B8E57DE1A2E7B530027179E /* PreyHTTPClient.swift in Sources */,
				3B9DDC981CDB9CD70052A21D /* Location.swift in Sources */,
				3B8E57DB1A2E7B530027179E /* DeviceSetUpVC.swift in Sources */,
				3B8E57DD1A2E7B530027179E /* LogInVC.swift in Sources */,
				3B9DDC9A1CDBBF030052A21D /* PreyModule.swift in Sources */,
				3B6D70A01CD7D62A00DEB461 /* UIDeviceExt.swift in Sources */,
				3B9DDC961CDB891C0052A21D /* PreyAction.swift in Sources */,
			);
			runOnlyForDeploymentPostprocessing = 0;
		};
		3B8283FB199198E6000E4545 /* Sources */ = {
			isa = PBXSourcesBuildPhase;
			buildActionMask = 2147483647;
			files = (
				3B828406199198E6000E4545 /* PreyTests.swift in Sources */,
			);
			runOnlyForDeploymentPostprocessing = 0;
		};
/* End PBXSourcesBuildPhase section */

/* Begin PBXTargetDependency section */
		3B828401199198E6000E4545 /* PBXTargetDependency */ = {
			isa = PBXTargetDependency;
			target = 3B8283EC199198E6000E4545 /* Prey */;
			targetProxy = 3B828400199198E6000E4545 /* PBXContainerItemProxy */;
		};
		3B82841019919ABC000E4545 /* PBXTargetDependency */ = {
			isa = PBXTargetDependency;
			target = 3B8283EC199198E6000E4545 /* Prey */;
			targetProxy = 3B82840F19919ABC000E4545 /* PBXContainerItemProxy */;
		};
		3B82841219919ABC000E4545 /* PBXTargetDependency */ = {
			isa = PBXTargetDependency;
			target = 3B8283EC199198E6000E4545 /* Prey */;
			targetProxy = 3B82841119919ABC000E4545 /* PBXContainerItemProxy */;
		};
/* End PBXTargetDependency section */

/* Begin PBXVariantGroup section */
		3B8283F6199198E6000E4545 /* PreyStoryBoard.storyboard */ = {
			isa = PBXVariantGroup;
			children = (
				3B8283F7199198E6000E4545 /* Base */,
			);
			name = PreyStoryBoard.storyboard;
			sourceTree = "<group>";
		};
		3BCD4C8C1C98942900CDEE1C /* Localizable.strings */ = {
			isa = PBXVariantGroup;
			children = (
				3BCD4C8D1C98942900CDEE1C /* en */,
				3BCD4C8E1C98942900CDEE1C /* es */,
			);
			name = Localizable.strings;
			sourceTree = "<group>";
		};
/* End PBXVariantGroup section */

/* Begin XCBuildConfiguration section */
		3B828407199198E6000E4545 /* Debug */ = {
			isa = XCBuildConfiguration;
			buildSettings = {
				ALWAYS_SEARCH_USER_PATHS = NO;
				CLANG_CXX_LANGUAGE_STANDARD = "gnu++0x";
				CLANG_CXX_LIBRARY = "libc++";
				CLANG_ENABLE_MODULES = YES;
				CLANG_ENABLE_OBJC_ARC = YES;
				CLANG_WARN_BOOL_CONVERSION = YES;
				CLANG_WARN_CONSTANT_CONVERSION = YES;
				CLANG_WARN_DIRECT_OBJC_ISA_USAGE = YES_ERROR;
				CLANG_WARN_EMPTY_BODY = YES;
				CLANG_WARN_ENUM_CONVERSION = YES;
				CLANG_WARN_INT_CONVERSION = YES;
				CLANG_WARN_OBJC_ROOT_CLASS = YES_ERROR;
				CLANG_WARN_UNREACHABLE_CODE = YES;
				CLANG_WARN__DUPLICATE_METHOD_MATCH = YES;
				"CODE_SIGN_IDENTITY[sdk=iphoneos*]" = "iPhone Developer";
				COPY_PHASE_STRIP = NO;
				ENABLE_STRICT_OBJC_MSGSEND = YES;
				ENABLE_TESTABILITY = YES;
				GCC_C_LANGUAGE_STANDARD = gnu99;
				GCC_DYNAMIC_NO_PIC = NO;
				GCC_OPTIMIZATION_LEVEL = 0;
				GCC_PREPROCESSOR_DEFINITIONS = (
					"DEBUG=1",
					"$(inherited)",
				);
				GCC_SYMBOLS_PRIVATE_EXTERN = NO;
				GCC_WARN_64_TO_32_BIT_CONVERSION = YES;
				GCC_WARN_ABOUT_RETURN_TYPE = YES_ERROR;
				GCC_WARN_UNDECLARED_SELECTOR = YES;
				GCC_WARN_UNINITIALIZED_AUTOS = YES_AGGRESSIVE;
				GCC_WARN_UNUSED_FUNCTION = YES;
				GCC_WARN_UNUSED_VARIABLE = YES;
				IPHONEOS_DEPLOYMENT_TARGET = 7.0;
				MTL_ENABLE_DEBUG_INFO = YES;
				ONLY_ACTIVE_ARCH = YES;
				SDKROOT = iphoneos;
				SWIFT_OPTIMIZATION_LEVEL = "-Onone";
				TARGETED_DEVICE_FAMILY = "1,2";
			};
			name = Debug;
		};
		3B828408199198E6000E4545 /* Release */ = {
			isa = XCBuildConfiguration;
			buildSettings = {
				ALWAYS_SEARCH_USER_PATHS = NO;
				CLANG_CXX_LANGUAGE_STANDARD = "gnu++0x";
				CLANG_CXX_LIBRARY = "libc++";
				CLANG_ENABLE_MODULES = YES;
				CLANG_ENABLE_OBJC_ARC = YES;
				CLANG_WARN_BOOL_CONVERSION = YES;
				CLANG_WARN_CONSTANT_CONVERSION = YES;
				CLANG_WARN_DIRECT_OBJC_ISA_USAGE = YES_ERROR;
				CLANG_WARN_EMPTY_BODY = YES;
				CLANG_WARN_ENUM_CONVERSION = YES;
				CLANG_WARN_INT_CONVERSION = YES;
				CLANG_WARN_OBJC_ROOT_CLASS = YES_ERROR;
				CLANG_WARN_UNREACHABLE_CODE = YES;
				CLANG_WARN__DUPLICATE_METHOD_MATCH = YES;
				"CODE_SIGN_IDENTITY[sdk=iphoneos*]" = "iPhone Developer";
				COPY_PHASE_STRIP = YES;
				ENABLE_NS_ASSERTIONS = NO;
				ENABLE_STRICT_OBJC_MSGSEND = YES;
				GCC_C_LANGUAGE_STANDARD = gnu99;
				GCC_WARN_64_TO_32_BIT_CONVERSION = YES;
				GCC_WARN_ABOUT_RETURN_TYPE = YES_ERROR;
				GCC_WARN_UNDECLARED_SELECTOR = YES;
				GCC_WARN_UNINITIALIZED_AUTOS = YES_AGGRESSIVE;
				GCC_WARN_UNUSED_FUNCTION = YES;
				GCC_WARN_UNUSED_VARIABLE = YES;
				IPHONEOS_DEPLOYMENT_TARGET = 7.0;
				MTL_ENABLE_DEBUG_INFO = NO;
				SDKROOT = iphoneos;
				TARGETED_DEVICE_FAMILY = "1,2";
				VALIDATE_PRODUCT = YES;
			};
			name = Release;
		};
		3B82840A199198E6000E4545 /* Debug */ = {
			isa = XCBuildConfiguration;
			buildSettings = {
				ASSETCATALOG_COMPILER_APPICON_NAME = AppIcon;
				ASSETCATALOG_COMPILER_LAUNCHIMAGE_NAME = LaunchImage;
				INFOPLIST_FILE = Prey/Info.plist;
				LD_RUNPATH_SEARCH_PATHS = "$(inherited) @executable_path/Frameworks";
				OTHER_SWIFT_FLAGS = "-D DEBUG";
				PRODUCT_BUNDLE_IDENTIFIER = com.prey;
				PRODUCT_NAME = "$(TARGET_NAME)";
				TARGETED_DEVICE_FAMILY = "1,2";
			};
			name = Debug;
		};
		3B82840B199198E6000E4545 /* Release */ = {
			isa = XCBuildConfiguration;
			buildSettings = {
				ASSETCATALOG_COMPILER_APPICON_NAME = AppIcon;
				ASSETCATALOG_COMPILER_LAUNCHIMAGE_NAME = LaunchImage;
				INFOPLIST_FILE = Prey/Info.plist;
				LD_RUNPATH_SEARCH_PATHS = "$(inherited) @executable_path/Frameworks";
				PRODUCT_BUNDLE_IDENTIFIER = com.prey;
				PRODUCT_NAME = "$(TARGET_NAME)";
				TARGETED_DEVICE_FAMILY = "1,2";
			};
			name = Release;
		};
		3B82840D199198E6000E4545 /* Debug */ = {
			isa = XCBuildConfiguration;
			buildSettings = {
				BUNDLE_LOADER = "$(BUILT_PRODUCTS_DIR)/Prey.app/Prey";
				FRAMEWORK_SEARCH_PATHS = (
					"$(SDKROOT)/Developer/Library/Frameworks",
					"$(inherited)",
				);
				GCC_PREPROCESSOR_DEFINITIONS = (
					"DEBUG=1",
					"$(inherited)",
				);
				INFOPLIST_FILE = PreyTests/Info.plist;
				LD_RUNPATH_SEARCH_PATHS = "$(inherited) @executable_path/Frameworks @loader_path/Frameworks";
				PRODUCT_BUNDLE_IDENTIFIER = "com.${PRODUCT_NAME:rfc1034identifier}";
				PRODUCT_NAME = "$(TARGET_NAME)";
				TEST_HOST = "$(BUNDLE_LOADER)";
			};
			name = Debug;
		};
		3B82840E199198E6000E4545 /* Release */ = {
			isa = XCBuildConfiguration;
			buildSettings = {
				BUNDLE_LOADER = "$(BUILT_PRODUCTS_DIR)/Prey.app/Prey";
				FRAMEWORK_SEARCH_PATHS = (
					"$(SDKROOT)/Developer/Library/Frameworks",
					"$(inherited)",
				);
				INFOPLIST_FILE = PreyTests/Info.plist;
				LD_RUNPATH_SEARCH_PATHS = "$(inherited) @executable_path/Frameworks @loader_path/Frameworks";
				PRODUCT_BUNDLE_IDENTIFIER = "com.${PRODUCT_NAME:rfc1034identifier}";
				PRODUCT_NAME = "$(TARGET_NAME)";
				TEST_HOST = "$(BUNDLE_LOADER)";
			};
			name = Release;
		};
/* End XCBuildConfiguration section */

/* Begin XCConfigurationList section */
		3B8283E8199198E6000E4545 /* Build configuration list for PBXProject "Prey" */ = {
			isa = XCConfigurationList;
			buildConfigurations = (
				3B828407199198E6000E4545 /* Debug */,
				3B828408199198E6000E4545 /* Release */,
			);
			defaultConfigurationIsVisible = 0;
			defaultConfigurationName = Release;
		};
		3B828409199198E6000E4545 /* Build configuration list for PBXNativeTarget "Prey" */ = {
			isa = XCConfigurationList;
			buildConfigurations = (
				3B82840A199198E6000E4545 /* Debug */,
				3B82840B199198E6000E4545 /* Release */,
			);
			defaultConfigurationIsVisible = 0;
			defaultConfigurationName = Release;
		};
		3B82840C199198E6000E4545 /* Build configuration list for PBXNativeTarget "PreyTests" */ = {
			isa = XCConfigurationList;
			buildConfigurations = (
				3B82840D199198E6000E4545 /* Debug */,
				3B82840E199198E6000E4545 /* Release */,
			);
			defaultConfigurationIsVisible = 0;
			defaultConfigurationName = Release;
		};
/* End XCConfigurationList section */
	};
	rootObject = 3B8283E5199198E6000E4545 /* Project object */;
}
