// !$*UTF8*$!
{
	archiveVersion = 1;
	classes = {
	};
	objectVersion = 46;
	objects = {

/* Begin PBXBuildFile section */
		071323F6134632C900F7EFD8 /* AlarmModule.m in Sources */ = {isa = PBXBuildFile; fileRef = 071323F1134632C900F7EFD8 /* AlarmModule.m */; };
		071323F7134632C900F7EFD8 /* AlertModule.m in Sources */ = {isa = PBXBuildFile; fileRef = 071323F3134632C900F7EFD8 /* AlertModule.m */; };
		071323F8134632C900F7EFD8 /* AlertModuleController.m in Sources */ = {isa = PBXBuildFile; fileRef = 071323F5134632C900F7EFD8 /* AlertModuleController.m */; };
		071323FB1346332A00F7EFD8 /* AccuracyManager.m in Sources */ = {isa = PBXBuildFile; fileRef = 071323FA1346332A00F7EFD8 /* AccuracyManager.m */; };
		071323FE1346339A00F7EFD8 /* ConfigParserDelegate.m in Sources */ = {isa = PBXBuildFile; fileRef = 071323FD1346339A00F7EFD8 /* ConfigParserDelegate.m */; };
		07132400134633B800F7EFD8 /* CongratulationsController.xib in Resources */ = {isa = PBXBuildFile; fileRef = 071323FF134633B800F7EFD8 /* CongratulationsController.xib */; };
		07132403134633EA00F7EFD8 /* CongratulationsController.m in Sources */ = {isa = PBXBuildFile; fileRef = 07132402134633EA00F7EFD8 /* CongratulationsController.m */; };
		071324061346340500F7EFD8 /* DelayManager.m in Sources */ = {isa = PBXBuildFile; fileRef = 071324051346340500F7EFD8 /* DelayManager.m */; };
		071324091346342700F7EFD8 /* ContactsModule.m in Sources */ = {isa = PBXBuildFile; fileRef = 071324081346342700F7EFD8 /* ContactsModule.m */; };
		071324101346343C00F7EFD8 /* Constants.m in Sources */ = {isa = PBXBuildFile; fileRef = 0713240B1346343C00F7EFD8 /* Constants.m */; };
		071324111346343C00F7EFD8 /* Device.m in Sources */ = {isa = PBXBuildFile; fileRef = 0713240D1346343C00F7EFD8 /* Device.m */; };
		071324121346343C00F7EFD8 /* DeviceModulesConfig.m in Sources */ = {isa = PBXBuildFile; fileRef = 0713240F1346343C00F7EFD8 /* DeviceModulesConfig.m */; };
		071324151346346F00F7EFD8 /* IphoneInformationHelper.m in Sources */ = {isa = PBXBuildFile; fileRef = 071324141346346F00F7EFD8 /* IphoneInformationHelper.m */; };
		071324181346348400F7EFD8 /* FakeWebView.m in Sources */ = {isa = PBXBuildFile; fileRef = 071324171346348400F7EFD8 /* FakeWebView.m */; };
		0713241D1346349A00F7EFD8 /* ErrorParserDelegate.m in Sources */ = {isa = PBXBuildFile; fileRef = 0713241A1346349A00F7EFD8 /* ErrorParserDelegate.m */; };
		0713241E1346349A00F7EFD8 /* KeyParserDelegate.m in Sources */ = {isa = PBXBuildFile; fileRef = 0713241C1346349A00F7EFD8 /* KeyParserDelegate.m */; };
		07132421134634CA00F7EFD8 /* LogController.m in Sources */ = {isa = PBXBuildFile; fileRef = 07132420134634CA00F7EFD8 /* LogController.m */; };
		07132424134634D900F7EFD8 /* OldUserController.m in Sources */ = {isa = PBXBuildFile; fileRef = 07132423134634D900F7EFD8 /* OldUserController.m */; };
		07132427134634E600F7EFD8 /* NewUserController.m in Sources */ = {isa = PBXBuildFile; fileRef = 07132426134634E600F7EFD8 /* NewUserController.m */; };
		0713242A134634F300F7EFD8 /* MBProgressHUD.m in Sources */ = {isa = PBXBuildFile; fileRef = 07132429134634F300F7EFD8 /* MBProgressHUD.m */; };
		0713242F1346350100F7EFD8 /* LocationController.m in Sources */ = {isa = PBXBuildFile; fileRef = 0713242C1346350100F7EFD8 /* LocationController.m */; };
		071324301346350100F7EFD8 /* LocationModule.m in Sources */ = {isa = PBXBuildFile; fileRef = 0713242E1346350100F7EFD8 /* LocationModule.m */; };
		071324331346353C00F7EFD8 /* WelcomeController.m in Sources */ = {isa = PBXBuildFile; fileRef = 071324321346353C00F7EFD8 /* WelcomeController.m */; };
		071324361346355000F7EFD8 /* SetupControllerTemplate.m in Sources */ = {isa = PBXBuildFile; fileRef = 071324351346355000F7EFD8 /* SetupControllerTemplate.m */; };
		0713243B1346356300F7EFD8 /* PreyLogger.m in Sources */ = {isa = PBXBuildFile; fileRef = 071324381346356300F7EFD8 /* PreyLogger.m */; };
		0713243C1346356300F7EFD8 /* RegexKitLite.m in Sources */ = {isa = PBXBuildFile; fileRef = 0713243A1346356300F7EFD8 /* RegexKitLite.m */; };
		0713243F1346357500F7EFD8 /* SignificantLocationController.m in Sources */ = {isa = PBXBuildFile; fileRef = 0713243E1346357500F7EFD8 /* SignificantLocationController.m */; };
		071324421346358600F7EFD8 /* PreyModule.m in Sources */ = {isa = PBXBuildFile; fileRef = 071324411346358600F7EFD8 /* PreyModule.m */; };
		07132449134635A100F7EFD8 /* PreyConfig.m in Sources */ = {isa = PBXBuildFile; fileRef = 07132444134635A100F7EFD8 /* PreyConfig.m */; };
		0713244A134635A100F7EFD8 /* Report.m in Sources */ = {isa = PBXBuildFile; fileRef = 07132446134635A100F7EFD8 /* Report.m */; };
		0713244B134635A100F7EFD8 /* User.m in Sources */ = {isa = PBXBuildFile; fileRef = 07132448134635A100F7EFD8 /* User.m */; };
		07132450134635C400F7EFD8 /* PreyRestHttp.m in Sources */ = {isa = PBXBuildFile; fileRef = 0713244D134635C400F7EFD8 /* PreyRestHttp.m */; };
		07132451134635C400F7EFD8 /* PreyRunner.m in Sources */ = {isa = PBXBuildFile; fileRef = 0713244F134635C400F7EFD8 /* PreyRunner.m */; };
		07132453134635DC00F7EFD8 /* WelcomeController.xib in Resources */ = {isa = PBXBuildFile; fileRef = 07132452134635DC00F7EFD8 /* WelcomeController.xib */; };
		071324581346363300F7EFD8 /* AlertModuleController.xib in Resources */ = {isa = PBXBuildFile; fileRef = 071324541346363300F7EFD8 /* AlertModuleController.xib */; };
		071324591346363300F7EFD8 /* MainWindow.xib in Resources */ = {isa = PBXBuildFile; fileRef = 071324551346363300F7EFD8 /* MainWindow.xib */; };
		0713245A1346363300F7EFD8 /* NewUserController.xib in Resources */ = {isa = PBXBuildFile; fileRef = 071324561346363300F7EFD8 /* NewUserController.xib */; };
		0713245B1346363300F7EFD8 /* OldUserController.xib in Resources */ = {isa = PBXBuildFile; fileRef = 071324571346363300F7EFD8 /* OldUserController.xib */; };
		071324621346368200F7EFD8 /* logo.png in Resources */ = {isa = PBXBuildFile; fileRef = 0713245C1346368200F7EFD8 /* logo.png */; };
		071324631346368200F7EFD8 /* prey-iphone-front.png in Resources */ = {isa = PBXBuildFile; fileRef = 0713245D1346368200F7EFD8 /* prey-iphone-front.png */; };
		071324641346368200F7EFD8 /* prey-iphone-login.png in Resources */ = {isa = PBXBuildFile; fileRef = 0713245E1346368200F7EFD8 /* prey-iphone-login.png */; };
		071324651346368200F7EFD8 /* prey-iphone-ok.png in Resources */ = {isa = PBXBuildFile; fileRef = 0713245F1346368200F7EFD8 /* prey-iphone-ok.png */; };
		071324661346368200F7EFD8 /* recycle-full.png in Resources */ = {isa = PBXBuildFile; fileRef = 071324601346368200F7EFD8 /* recycle-full.png */; };
		071324671346368200F7EFD8 /* reload.png in Resources */ = {isa = PBXBuildFile; fileRef = 071324611346368200F7EFD8 /* reload.png */; };
		0713246B1346369200F7EFD8 /* large9.ttf in Resources */ = {isa = PBXBuildFile; fileRef = 071324681346369200F7EFD8 /* large9.ttf */; };
		0713246C1346369200F7EFD8 /* NewJuneBold.otf in Resources */ = {isa = PBXBuildFile; fileRef = 071324691346369200F7EFD8 /* NewJuneBold.otf */; };
		0713246D1346369200F7EFD8 /* siren.mp3 in Resources */ = {isa = PBXBuildFile; fileRef = 0713246A1346369200F7EFD8 /* siren.mp3 */; };
		0713246F134636BB00F7EFD8 /* email.png in Resources */ = {isa = PBXBuildFile; fileRef = 0713246E134636BB00F7EFD8 /* email.png */; };
		07132472134639DF00F7EFD8 /* Localizable.strings in Resources */ = {isa = PBXBuildFile; fileRef = 07132470134639DF00F7EFD8 /* Localizable.strings */; };
		07132474134639E800F7EFD8 /* Localizable.strings in Resources */ = {isa = PBXBuildFile; fileRef = 07132470134639DF00F7EFD8 /* Localizable.strings */; };
		07178F2612675AD3007B290C /* CoreLocation.framework in Frameworks */ = {isa = PBXBuildFile; fileRef = 07178F2512675AD3007B290C /* CoreLocation.framework */; };
		073CABDE1367731900821032 /* 57px.png in Resources */ = {isa = PBXBuildFile; fileRef = 073CABDC1367731900821032 /* 57px.png */; };
		073CABDF1367731900821032 /* 114px.png in Resources */ = {isa = PBXBuildFile; fileRef = 073CABDD1367731900821032 /* 114px.png */; };
		077D7A3C126E171300C713B7 /* AudioToolbox.framework in Frameworks */ = {isa = PBXBuildFile; fileRef = 077D7A3B126E171300C713B7 /* AudioToolbox.framework */; };
		077D7B2D126F3C8400C713B7 /* AddressBook.framework in Frameworks */ = {isa = PBXBuildFile; fileRef = 077D7B2C126F3C8400C713B7 /* AddressBook.framework */; };
		077D7BA21270D79700C713B7 /* MapKit.framework in Frameworks */ = {isa = PBXBuildFile; fileRef = 077D7BA11270D79700C713B7 /* MapKit.framework */; };
		0780547D12554BDA00E4CCE5 /* CFNetwork.framework in Frameworks */ = {isa = PBXBuildFile; fileRef = 0780547C12554BDA00E4CCE5 /* CFNetwork.framework */; };
		0780547F12554BDA00E4CCE5 /* MobileCoreServices.framework in Frameworks */ = {isa = PBXBuildFile; fileRef = 0780547E12554BDA00E4CCE5 /* MobileCoreServices.framework */; };
		0780548112554BDA00E4CCE5 /* libz.1.2.3.dylib in Frameworks */ = {isa = PBXBuildFile; fileRef = 0780548012554BDA00E4CCE5 /* libz.1.2.3.dylib */; };
		0780561D12564F1C00E4CCE5 /* SystemConfiguration.framework in Frameworks */ = {isa = PBXBuildFile; fileRef = 0780561C12564F1C00E4CCE5 /* SystemConfiguration.framework */; };
		078E1368132AB562004B7C60 /* ASIDataCompressor.m in Sources */ = {isa = PBXBuildFile; fileRef = 078E1358132AB562004B7C60 /* ASIDataCompressor.m */; };
		078E1369132AB562004B7C60 /* ASIDataDecompressor.m in Sources */ = {isa = PBXBuildFile; fileRef = 078E135A132AB562004B7C60 /* ASIDataDecompressor.m */; };
		078E136A132AB562004B7C60 /* ASIDownloadCache.m in Sources */ = {isa = PBXBuildFile; fileRef = 078E135C132AB562004B7C60 /* ASIDownloadCache.m */; };
		078E136B132AB562004B7C60 /* ASIFormDataRequest.m in Sources */ = {isa = PBXBuildFile; fileRef = 078E135E132AB562004B7C60 /* ASIFormDataRequest.m */; };
		078E136C132AB562004B7C60 /* ASIHTTPRequest.m in Sources */ = {isa = PBXBuildFile; fileRef = 078E1360132AB562004B7C60 /* ASIHTTPRequest.m */; };
		078E136D132AB562004B7C60 /* ASIInputStream.m in Sources */ = {isa = PBXBuildFile; fileRef = 078E1364132AB562004B7C60 /* ASIInputStream.m */; };
		078E136E132AB562004B7C60 /* ASINetworkQueue.m in Sources */ = {isa = PBXBuildFile; fileRef = 078E1366132AB562004B7C60 /* ASINetworkQueue.m */; };
		078E1372132AB584004B7C60 /* Reachability.m in Sources */ = {isa = PBXBuildFile; fileRef = 078E1371132AB584004B7C60 /* Reachability.m */; };
		078E1375132ABC3C004B7C60 /* ASIAuthenticationDialog.m in Sources */ = {isa = PBXBuildFile; fileRef = 078E1374132ABC3C004B7C60 /* ASIAuthenticationDialog.m */; };
		07CA9AA21355FADE00307314 /* UIDevice-Hardware.m in Sources */ = {isa = PBXBuildFile; fileRef = 07CA9AA11355FADE00307314 /* UIDevice-Hardware.m */; };
		07CD95F51253D99500590FCD /* PreferencesController.xib in Resources */ = {isa = PBXBuildFile; fileRef = 07CD95F31253D99500590FCD /* PreferencesController.xib */; };
		07CD96251253E13800590FCD /* LoginController.m in Sources */ = {isa = PBXBuildFile; fileRef = 07CD96231253E13800590FCD /* LoginController.m */; };
		07CD96261253E13800590FCD /* LoginController.xib in Resources */ = {isa = PBXBuildFile; fileRef = 07CD96241253E13800590FCD /* LoginController.xib */; };
		07CD96CB1254017500590FCD /* RootController.m in Sources */ = {isa = PBXBuildFile; fileRef = 07CD96CA1254017500590FCD /* RootController.m */; };
		07CEDA9C12E9DD9E002B4EB5 /* LoggerClient.m in Sources */ = {isa = PBXBuildFile; fileRef = 07CEDA9A12E9DD9E002B4EB5 /* LoggerClient.m */; };
		07D32398133BB74A00841BFD /* ScreenshotModule.m in Sources */ = {isa = PBXBuildFile; fileRef = 07D32397133BB74A00841BFD /* ScreenshotModule.m */; };
		07D3239B133BC32D00841BFD /* PictureModule.m in Sources */ = {isa = PBXBuildFile; fileRef = 07D3239A133BC32D00841BFD /* PictureModule.m */; };
		07D3239D133BC6B100841BFD /* AVFoundation.framework in Frameworks */ = {isa = PBXBuildFile; fileRef = 07D3239C133BC6B100841BFD /* AVFoundation.framework */; };
		07D323A0133BC74B00841BFD /* CoreMedia.framework in Frameworks */ = {isa = PBXBuildFile; fileRef = 07D3239E133BC74A00841BFD /* CoreMedia.framework */; };
		07D323A1133BC74B00841BFD /* CoreVideo.framework in Frameworks */ = {isa = PBXBuildFile; fileRef = 07D3239F133BC74A00841BFD /* CoreVideo.framework */; };
		07DA037E132013D900FECCAD /* PreferencesController.m in Sources */ = {isa = PBXBuildFile; fileRef = 07CD95F21253D99500590FCD /* PreferencesController.m */; };
		07DF36E313413B6F00F0F218 /* MessageUI.framework in Frameworks */ = {isa = PBXBuildFile; fileRef = 07DF36E213413B6E00F0F218 /* MessageUI.framework */; };
		07DF36E6134222BF00F0F218 /* PicturesController.m in Sources */ = {isa = PBXBuildFile; fileRef = 07DF36E5134222BF00F0F218 /* PicturesController.m */; };
		07DF36E91342389700F0F218 /* PicturesControllerDelegate.m in Sources */ = {isa = PBXBuildFile; fileRef = 07DF36E81342389600F0F218 /* PicturesControllerDelegate.m */; };
		1D3623260D0F684500981E51 /* PreyAppDelegate.m in Sources */ = {isa = PBXBuildFile; fileRef = 1D3623250D0F684500981E51 /* PreyAppDelegate.m */; };
		1D60589B0D05DD56006BFB54 /* main.m in Sources */ = {isa = PBXBuildFile; fileRef = 29B97316FDCFA39411CA2CEA /* main.m */; };
		1D60589F0D05DD5A006BFB54 /* Foundation.framework in Frameworks */ = {isa = PBXBuildFile; fileRef = 1D30AB110D05D00D00671497 /* Foundation.framework */; };
		1DF5F4E00D08C38300B7A737 /* UIKit.framework in Frameworks */ = {isa = PBXBuildFile; fileRef = 1DF5F4DF0D08C38300B7A737 /* UIKit.framework */; };
		288765FD0DF74451002DB57D /* CoreGraphics.framework in Frameworks */ = {isa = PBXBuildFile; fileRef = 288765FC0DF74451002DB57D /* CoreGraphics.framework */; };
/* End PBXBuildFile section */

/* Begin PBXFileReference section */
		071323F0134632C900F7EFD8 /* AlarmModule.h */ = {isa = PBXFileReference; fileEncoding = 4; lastKnownFileType = sourcecode.c.h; name = AlarmModule.h; path = Classes/AlarmModule.h; sourceTree = "<group>"; };
		071323F1134632C900F7EFD8 /* AlarmModule.m */ = {isa = PBXFileReference; fileEncoding = 4; lastKnownFileType = sourcecode.c.objc; name = AlarmModule.m; path = Classes/AlarmModule.m; sourceTree = "<group>"; };
		071323F2134632C900F7EFD8 /* AlertModule.h */ = {isa = PBXFileReference; fileEncoding = 4; lastKnownFileType = sourcecode.c.h; name = AlertModule.h; path = Classes/AlertModule.h; sourceTree = "<group>"; };
		071323F3134632C900F7EFD8 /* AlertModule.m */ = {isa = PBXFileReference; fileEncoding = 4; lastKnownFileType = sourcecode.c.objc; name = AlertModule.m; path = Classes/AlertModule.m; sourceTree = "<group>"; };
		071323F4134632C900F7EFD8 /* AlertModuleController.h */ = {isa = PBXFileReference; fileEncoding = 4; lastKnownFileType = sourcecode.c.h; name = AlertModuleController.h; path = Classes/AlertModuleController.h; sourceTree = "<group>"; };
		071323F5134632C900F7EFD8 /* AlertModuleController.m */ = {isa = PBXFileReference; fileEncoding = 4; lastKnownFileType = sourcecode.c.objc; name = AlertModuleController.m; path = Classes/AlertModuleController.m; sourceTree = "<group>"; };
		071323F91346332A00F7EFD8 /* AccuracyManager.h */ = {isa = PBXFileReference; fileEncoding = 4; lastKnownFileType = sourcecode.c.h; name = AccuracyManager.h; path = Classes/AccuracyManager.h; sourceTree = "<group>"; };
		071323FA1346332A00F7EFD8 /* AccuracyManager.m */ = {isa = PBXFileReference; fileEncoding = 4; lastKnownFileType = sourcecode.c.objc; name = AccuracyManager.m; path = Classes/AccuracyManager.m; sourceTree = "<group>"; };
		071323FC1346339A00F7EFD8 /* ConfigParserDelegate.h */ = {isa = PBXFileReference; fileEncoding = 4; lastKnownFileType = sourcecode.c.h; name = ConfigParserDelegate.h; path = Classes/ConfigParserDelegate.h; sourceTree = "<group>"; };
		071323FD1346339A00F7EFD8 /* ConfigParserDelegate.m */ = {isa = PBXFileReference; fileEncoding = 4; lastKnownFileType = sourcecode.c.objc; name = ConfigParserDelegate.m; path = Classes/ConfigParserDelegate.m; sourceTree = "<group>"; };
		071323FF134633B800F7EFD8 /* CongratulationsController.xib */ = {isa = PBXFileReference; fileEncoding = 4; lastKnownFileType = file.xib; name = CongratulationsController.xib; path = Classes/CongratulationsController.xib; sourceTree = "<group>"; };
		07132401134633EA00F7EFD8 /* CongratulationsController.h */ = {isa = PBXFileReference; fileEncoding = 4; lastKnownFileType = sourcecode.c.h; name = CongratulationsController.h; path = Classes/CongratulationsController.h; sourceTree = "<group>"; };
		07132402134633EA00F7EFD8 /* CongratulationsController.m */ = {isa = PBXFileReference; fileEncoding = 4; lastKnownFileType = sourcecode.c.objc; name = CongratulationsController.m; path = Classes/CongratulationsController.m; sourceTree = "<group>"; };
		071324041346340500F7EFD8 /* DelayManager.h */ = {isa = PBXFileReference; fileEncoding = 4; lastKnownFileType = sourcecode.c.h; name = DelayManager.h; path = Classes/DelayManager.h; sourceTree = "<group>"; };
		071324051346340500F7EFD8 /* DelayManager.m */ = {isa = PBXFileReference; fileEncoding = 4; lastKnownFileType = sourcecode.c.objc; name = DelayManager.m; path = Classes/DelayManager.m; sourceTree = "<group>"; };
		071324071346342700F7EFD8 /* ContactsModule.h */ = {isa = PBXFileReference; fileEncoding = 4; lastKnownFileType = sourcecode.c.h; name = ContactsModule.h; path = Classes/ContactsModule.h; sourceTree = "<group>"; };
		071324081346342700F7EFD8 /* ContactsModule.m */ = {isa = PBXFileReference; fileEncoding = 4; lastKnownFileType = sourcecode.c.objc; name = ContactsModule.m; path = Classes/ContactsModule.m; sourceTree = "<group>"; };
		0713240A1346343C00F7EFD8 /* Constants.h */ = {isa = PBXFileReference; fileEncoding = 4; lastKnownFileType = sourcecode.c.h; name = Constants.h; path = Classes/Constants.h; sourceTree = "<group>"; };
		0713240B1346343C00F7EFD8 /* Constants.m */ = {isa = PBXFileReference; fileEncoding = 4; lastKnownFileType = sourcecode.c.objc; name = Constants.m; path = Classes/Constants.m; sourceTree = "<group>"; };
		0713240C1346343C00F7EFD8 /* Device.h */ = {isa = PBXFileReference; fileEncoding = 4; lastKnownFileType = sourcecode.c.h; name = Device.h; path = Classes/Device.h; sourceTree = "<group>"; };
		0713240D1346343C00F7EFD8 /* Device.m */ = {isa = PBXFileReference; fileEncoding = 4; lastKnownFileType = sourcecode.c.objc; name = Device.m; path = Classes/Device.m; sourceTree = "<group>"; };
		0713240E1346343C00F7EFD8 /* DeviceModulesConfig.h */ = {isa = PBXFileReference; fileEncoding = 4; lastKnownFileType = sourcecode.c.h; name = DeviceModulesConfig.h; path = Classes/DeviceModulesConfig.h; sourceTree = "<group>"; };
		0713240F1346343C00F7EFD8 /* DeviceModulesConfig.m */ = {isa = PBXFileReference; fileEncoding = 4; lastKnownFileType = sourcecode.c.objc; name = DeviceModulesConfig.m; path = Classes/DeviceModulesConfig.m; sourceTree = "<group>"; };
		071324131346346F00F7EFD8 /* IphoneInformationHelper.h */ = {isa = PBXFileReference; fileEncoding = 4; lastKnownFileType = sourcecode.c.h; name = IphoneInformationHelper.h; path = Classes/IphoneInformationHelper.h; sourceTree = "<group>"; };
		071324141346346F00F7EFD8 /* IphoneInformationHelper.m */ = {isa = PBXFileReference; fileEncoding = 4; lastKnownFileType = sourcecode.c.objc; name = IphoneInformationHelper.m; path = Classes/IphoneInformationHelper.m; sourceTree = "<group>"; };
		071324161346348400F7EFD8 /* FakeWebView.h */ = {isa = PBXFileReference; fileEncoding = 4; lastKnownFileType = sourcecode.c.h; name = FakeWebView.h; path = Classes/FakeWebView.h; sourceTree = "<group>"; };
		071324171346348400F7EFD8 /* FakeWebView.m */ = {isa = PBXFileReference; fileEncoding = 4; lastKnownFileType = sourcecode.c.objc; name = FakeWebView.m; path = Classes/FakeWebView.m; sourceTree = "<group>"; };
		071324191346349A00F7EFD8 /* ErrorParserDelegate.h */ = {isa = PBXFileReference; fileEncoding = 4; lastKnownFileType = sourcecode.c.h; name = ErrorParserDelegate.h; path = Classes/ErrorParserDelegate.h; sourceTree = "<group>"; };
		0713241A1346349A00F7EFD8 /* ErrorParserDelegate.m */ = {isa = PBXFileReference; fileEncoding = 4; lastKnownFileType = sourcecode.c.objc; name = ErrorParserDelegate.m; path = Classes/ErrorParserDelegate.m; sourceTree = "<group>"; };
		0713241B1346349A00F7EFD8 /* KeyParserDelegate.h */ = {isa = PBXFileReference; fileEncoding = 4; lastKnownFileType = sourcecode.c.h; name = KeyParserDelegate.h; path = Classes/KeyParserDelegate.h; sourceTree = "<group>"; };
		0713241C1346349A00F7EFD8 /* KeyParserDelegate.m */ = {isa = PBXFileReference; fileEncoding = 4; lastKnownFileType = sourcecode.c.objc; name = KeyParserDelegate.m; path = Classes/KeyParserDelegate.m; sourceTree = "<group>"; };
		0713241F134634CA00F7EFD8 /* LogController.h */ = {isa = PBXFileReference; fileEncoding = 4; lastKnownFileType = sourcecode.c.h; name = LogController.h; path = Classes/LogController.h; sourceTree = "<group>"; };
		07132420134634CA00F7EFD8 /* LogController.m */ = {isa = PBXFileReference; fileEncoding = 4; lastKnownFileType = sourcecode.c.objc; name = LogController.m; path = Classes/LogController.m; sourceTree = "<group>"; };
		07132422134634D900F7EFD8 /* OldUserController.h */ = {isa = PBXFileReference; fileEncoding = 4; lastKnownFileType = sourcecode.c.h; name = OldUserController.h; path = Classes/OldUserController.h; sourceTree = "<group>"; };
		07132423134634D900F7EFD8 /* OldUserController.m */ = {isa = PBXFileReference; fileEncoding = 4; lastKnownFileType = sourcecode.c.objc; name = OldUserController.m; path = Classes/OldUserController.m; sourceTree = "<group>"; };
		07132425134634E600F7EFD8 /* NewUserController.h */ = {isa = PBXFileReference; fileEncoding = 4; lastKnownFileType = sourcecode.c.h; name = NewUserController.h; path = Classes/NewUserController.h; sourceTree = "<group>"; };
		07132426134634E600F7EFD8 /* NewUserController.m */ = {isa = PBXFileReference; fileEncoding = 4; lastKnownFileType = sourcecode.c.objc; name = NewUserController.m; path = Classes/NewUserController.m; sourceTree = "<group>"; };
		07132428134634F300F7EFD8 /* MBProgressHUD.h */ = {isa = PBXFileReference; fileEncoding = 4; lastKnownFileType = sourcecode.c.h; name = MBProgressHUD.h; path = Classes/MBProgressHUD.h; sourceTree = "<group>"; };
		07132429134634F300F7EFD8 /* MBProgressHUD.m */ = {isa = PBXFileReference; fileEncoding = 4; lastKnownFileType = sourcecode.c.objc; name = MBProgressHUD.m; path = Classes/MBProgressHUD.m; sourceTree = "<group>"; };
		0713242B1346350100F7EFD8 /* LocationController.h */ = {isa = PBXFileReference; fileEncoding = 4; lastKnownFileType = sourcecode.c.h; name = LocationController.h; path = Classes/LocationController.h; sourceTree = "<group>"; };
		0713242C1346350100F7EFD8 /* LocationController.m */ = {isa = PBXFileReference; fileEncoding = 4; lastKnownFileType = sourcecode.c.objc; name = LocationController.m; path = Classes/LocationController.m; sourceTree = "<group>"; };
		0713242D1346350100F7EFD8 /* LocationModule.h */ = {isa = PBXFileReference; fileEncoding = 4; lastKnownFileType = sourcecode.c.h; name = LocationModule.h; path = Classes/LocationModule.h; sourceTree = "<group>"; };
		0713242E1346350100F7EFD8 /* LocationModule.m */ = {isa = PBXFileReference; fileEncoding = 4; lastKnownFileType = sourcecode.c.objc; name = LocationModule.m; path = Classes/LocationModule.m; sourceTree = "<group>"; };
		071324311346353C00F7EFD8 /* WelcomeController.h */ = {isa = PBXFileReference; fileEncoding = 4; lastKnownFileType = sourcecode.c.h; name = WelcomeController.h; path = Classes/WelcomeController.h; sourceTree = "<group>"; };
		071324321346353C00F7EFD8 /* WelcomeController.m */ = {isa = PBXFileReference; fileEncoding = 4; lastKnownFileType = sourcecode.c.objc; name = WelcomeController.m; path = Classes/WelcomeController.m; sourceTree = "<group>"; };
		071324341346355000F7EFD8 /* SetupControllerTemplate.h */ = {isa = PBXFileReference; fileEncoding = 4; lastKnownFileType = sourcecode.c.h; name = SetupControllerTemplate.h; path = Classes/SetupControllerTemplate.h; sourceTree = "<group>"; };
		071324351346355000F7EFD8 /* SetupControllerTemplate.m */ = {isa = PBXFileReference; fileEncoding = 4; lastKnownFileType = sourcecode.c.objc; name = SetupControllerTemplate.m; path = Classes/SetupControllerTemplate.m; sourceTree = "<group>"; };
		071324371346356300F7EFD8 /* PreyLogger.h */ = {isa = PBXFileReference; fileEncoding = 4; lastKnownFileType = sourcecode.c.h; name = PreyLogger.h; path = Classes/PreyLogger.h; sourceTree = "<group>"; };
		071324381346356300F7EFD8 /* PreyLogger.m */ = {isa = PBXFileReference; fileEncoding = 4; lastKnownFileType = sourcecode.c.objc; name = PreyLogger.m; path = Classes/PreyLogger.m; sourceTree = "<group>"; };
		071324391346356300F7EFD8 /* RegexKitLite.h */ = {isa = PBXFileReference; fileEncoding = 4; lastKnownFileType = sourcecode.c.h; name = RegexKitLite.h; path = Classes/RegexKitLite.h; sourceTree = "<group>"; };
		0713243A1346356300F7EFD8 /* RegexKitLite.m */ = {isa = PBXFileReference; fileEncoding = 4; lastKnownFileType = sourcecode.c.objc; name = RegexKitLite.m; path = Classes/RegexKitLite.m; sourceTree = "<group>"; };
		0713243D1346357500F7EFD8 /* SignificantLocationController.h */ = {isa = PBXFileReference; fileEncoding = 4; lastKnownFileType = sourcecode.c.h; name = SignificantLocationController.h; path = Classes/SignificantLocationController.h; sourceTree = "<group>"; };
		0713243E1346357500F7EFD8 /* SignificantLocationController.m */ = {isa = PBXFileReference; fileEncoding = 4; lastKnownFileType = sourcecode.c.objc; name = SignificantLocationController.m; path = Classes/SignificantLocationController.m; sourceTree = "<group>"; };
		071324401346358600F7EFD8 /* PreyModule.h */ = {isa = PBXFileReference; fileEncoding = 4; lastKnownFileType = sourcecode.c.h; name = PreyModule.h; path = Classes/PreyModule.h; sourceTree = "<group>"; };
		071324411346358600F7EFD8 /* PreyModule.m */ = {isa = PBXFileReference; fileEncoding = 4; lastKnownFileType = sourcecode.c.objc; name = PreyModule.m; path = Classes/PreyModule.m; sourceTree = "<group>"; };
		07132443134635A100F7EFD8 /* PreyConfig.h */ = {isa = PBXFileReference; fileEncoding = 4; lastKnownFileType = sourcecode.c.h; name = PreyConfig.h; path = Classes/PreyConfig.h; sourceTree = "<group>"; };
		07132444134635A100F7EFD8 /* PreyConfig.m */ = {isa = PBXFileReference; fileEncoding = 4; lastKnownFileType = sourcecode.c.objc; name = PreyConfig.m; path = Classes/PreyConfig.m; sourceTree = "<group>"; };
		07132445134635A100F7EFD8 /* Report.h */ = {isa = PBXFileReference; fileEncoding = 4; lastKnownFileType = sourcecode.c.h; name = Report.h; path = Classes/Report.h; sourceTree = "<group>"; };
		07132446134635A100F7EFD8 /* Report.m */ = {isa = PBXFileReference; fileEncoding = 4; lastKnownFileType = sourcecode.c.objc; name = Report.m; path = Classes/Report.m; sourceTree = "<group>"; };
		07132447134635A100F7EFD8 /* User.h */ = {isa = PBXFileReference; fileEncoding = 4; lastKnownFileType = sourcecode.c.h; name = User.h; path = Classes/User.h; sourceTree = "<group>"; };
		07132448134635A100F7EFD8 /* User.m */ = {isa = PBXFileReference; fileEncoding = 4; lastKnownFileType = sourcecode.c.objc; name = User.m; path = Classes/User.m; sourceTree = "<group>"; };
		0713244C134635C400F7EFD8 /* PreyRestHttp.h */ = {isa = PBXFileReference; fileEncoding = 4; lastKnownFileType = sourcecode.c.h; name = PreyRestHttp.h; path = Classes/PreyRestHttp.h; sourceTree = "<group>"; };
		0713244D134635C400F7EFD8 /* PreyRestHttp.m */ = {isa = PBXFileReference; fileEncoding = 4; lastKnownFileType = sourcecode.c.objc; name = PreyRestHttp.m; path = Classes/PreyRestHttp.m; sourceTree = "<group>"; };
		0713244E134635C400F7EFD8 /* PreyRunner.h */ = {isa = PBXFileReference; fileEncoding = 4; lastKnownFileType = sourcecode.c.h; name = PreyRunner.h; path = Classes/PreyRunner.h; sourceTree = "<group>"; };
		0713244F134635C400F7EFD8 /* PreyRunner.m */ = {isa = PBXFileReference; fileEncoding = 4; lastKnownFileType = sourcecode.c.objc; name = PreyRunner.m; path = Classes/PreyRunner.m; sourceTree = "<group>"; };
		07132452134635DC00F7EFD8 /* WelcomeController.xib */ = {isa = PBXFileReference; fileEncoding = 4; lastKnownFileType = file.xib; name = WelcomeController.xib; path = Classes/WelcomeController.xib; sourceTree = "<group>"; };
		071324541346363300F7EFD8 /* AlertModuleController.xib */ = {isa = PBXFileReference; fileEncoding = 4; lastKnownFileType = file.xib; name = AlertModuleController.xib; path = Classes/AlertModuleController.xib; sourceTree = "<group>"; };
		071324551346363300F7EFD8 /* MainWindow.xib */ = {isa = PBXFileReference; fileEncoding = 4; lastKnownFileType = file.xib; name = MainWindow.xib; path = Classes/MainWindow.xib; sourceTree = "<group>"; };
		071324561346363300F7EFD8 /* NewUserController.xib */ = {isa = PBXFileReference; fileEncoding = 4; lastKnownFileType = file.xib; name = NewUserController.xib; path = Classes/NewUserController.xib; sourceTree = "<group>"; };
		071324571346363300F7EFD8 /* OldUserController.xib */ = {isa = PBXFileReference; fileEncoding = 4; lastKnownFileType = file.xib; name = OldUserController.xib; path = Classes/OldUserController.xib; sourceTree = "<group>"; };
		0713245C1346368200F7EFD8 /* logo.png */ = {isa = PBXFileReference; lastKnownFileType = image.png; name = logo.png; path = Resources/logo.png; sourceTree = "<group>"; };
		0713245D1346368200F7EFD8 /* prey-iphone-front.png */ = {isa = PBXFileReference; lastKnownFileType = image.png; name = "prey-iphone-front.png"; path = "Resources/prey-iphone-front.png"; sourceTree = "<group>"; };
		0713245E1346368200F7EFD8 /* prey-iphone-login.png */ = {isa = PBXFileReference; lastKnownFileType = image.png; name = "prey-iphone-login.png"; path = "Resources/prey-iphone-login.png"; sourceTree = "<group>"; };
		0713245F1346368200F7EFD8 /* prey-iphone-ok.png */ = {isa = PBXFileReference; lastKnownFileType = image.png; name = "prey-iphone-ok.png"; path = "Resources/prey-iphone-ok.png"; sourceTree = "<group>"; };
		071324601346368200F7EFD8 /* recycle-full.png */ = {isa = PBXFileReference; lastKnownFileType = image.png; name = "recycle-full.png"; path = "Resources/recycle-full.png"; sourceTree = "<group>"; };
		071324611346368200F7EFD8 /* reload.png */ = {isa = PBXFileReference; lastKnownFileType = image.png; name = reload.png; path = Resources/reload.png; sourceTree = "<group>"; };
		071324681346369200F7EFD8 /* large9.ttf */ = {isa = PBXFileReference; lastKnownFileType = file; name = large9.ttf; path = Resources/large9.ttf; sourceTree = "<group>"; };
		071324691346369200F7EFD8 /* NewJuneBold.otf */ = {isa = PBXFileReference; lastKnownFileType = file; name = NewJuneBold.otf; path = Resources/NewJuneBold.otf; sourceTree = "<group>"; };
		0713246A1346369200F7EFD8 /* siren.mp3 */ = {isa = PBXFileReference; lastKnownFileType = audio.mp3; name = siren.mp3; path = Resources/siren.mp3; sourceTree = "<group>"; };
		0713246E134636BB00F7EFD8 /* email.png */ = {isa = PBXFileReference; lastKnownFileType = image.png; name = email.png; path = Resources/email.png; sourceTree = "<group>"; };
		07132471134639DF00F7EFD8 /* en */ = {isa = PBXFileReference; lastKnownFileType = text.plist.strings; name = en; path = en.lproj/Localizable.strings; sourceTree = "<group>"; };
		07132473134639E800F7EFD8 /* es */ = {isa = PBXFileReference; lastKnownFileType = text.plist.strings; name = es; path = es.lproj/Localizable.strings; sourceTree = "<group>"; };
		07178F2512675AD3007B290C /* CoreLocation.framework */ = {isa = PBXFileReference; lastKnownFileType = wrapper.framework; name = CoreLocation.framework; path = System/Library/Frameworks/CoreLocation.framework; sourceTree = SDKROOT; };
		073CABDC1367731900821032 /* 57px.png */ = {isa = PBXFileReference; lastKnownFileType = image.png; path = 57px.png; sourceTree = "<group>"; };
		073CABDD1367731900821032 /* 114px.png */ = {isa = PBXFileReference; lastKnownFileType = image.png; path = 114px.png; sourceTree = "<group>"; };
		077D7A3B126E171300C713B7 /* AudioToolbox.framework */ = {isa = PBXFileReference; lastKnownFileType = wrapper.framework; name = AudioToolbox.framework; path = System/Library/Frameworks/AudioToolbox.framework; sourceTree = SDKROOT; };
		077D7B2C126F3C8400C713B7 /* AddressBook.framework */ = {isa = PBXFileReference; lastKnownFileType = wrapper.framework; name = AddressBook.framework; path = System/Library/Frameworks/AddressBook.framework; sourceTree = SDKROOT; };
		077D7BA11270D79700C713B7 /* MapKit.framework */ = {isa = PBXFileReference; lastKnownFileType = wrapper.framework; name = MapKit.framework; path = System/Library/Frameworks/MapKit.framework; sourceTree = SDKROOT; };
		0780547C12554BDA00E4CCE5 /* CFNetwork.framework */ = {isa = PBXFileReference; lastKnownFileType = wrapper.framework; name = CFNetwork.framework; path = System/Library/Frameworks/CFNetwork.framework; sourceTree = SDKROOT; };
		0780547E12554BDA00E4CCE5 /* MobileCoreServices.framework */ = {isa = PBXFileReference; lastKnownFileType = wrapper.framework; name = MobileCoreServices.framework; path = System/Library/Frameworks/MobileCoreServices.framework; sourceTree = SDKROOT; };
		0780548012554BDA00E4CCE5 /* libz.1.2.3.dylib */ = {isa = PBXFileReference; lastKnownFileType = "compiled.mach-o.dylib"; name = libz.1.2.3.dylib; path = usr/lib/libz.1.2.3.dylib; sourceTree = SDKROOT; };
		0780561C12564F1C00E4CCE5 /* SystemConfiguration.framework */ = {isa = PBXFileReference; lastKnownFileType = wrapper.framework; name = SystemConfiguration.framework; path = System/Library/Frameworks/SystemConfiguration.framework; sourceTree = SDKROOT; };
		078E1356132AB562004B7C60 /* ASICacheDelegate.h */ = {isa = PBXFileReference; fileEncoding = 4; lastKnownFileType = sourcecode.c.h; path = ASICacheDelegate.h; sourceTree = "<group>"; };
		078E1357132AB562004B7C60 /* ASIDataCompressor.h */ = {isa = PBXFileReference; fileEncoding = 4; lastKnownFileType = sourcecode.c.h; path = ASIDataCompressor.h; sourceTree = "<group>"; };
		078E1358132AB562004B7C60 /* ASIDataCompressor.m */ = {isa = PBXFileReference; fileEncoding = 4; lastKnownFileType = sourcecode.c.objc; path = ASIDataCompressor.m; sourceTree = "<group>"; };
		078E1359132AB562004B7C60 /* ASIDataDecompressor.h */ = {isa = PBXFileReference; fileEncoding = 4; lastKnownFileType = sourcecode.c.h; path = ASIDataDecompressor.h; sourceTree = "<group>"; };
		078E135A132AB562004B7C60 /* ASIDataDecompressor.m */ = {isa = PBXFileReference; fileEncoding = 4; lastKnownFileType = sourcecode.c.objc; path = ASIDataDecompressor.m; sourceTree = "<group>"; };
		078E135B132AB562004B7C60 /* ASIDownloadCache.h */ = {isa = PBXFileReference; fileEncoding = 4; lastKnownFileType = sourcecode.c.h; path = ASIDownloadCache.h; sourceTree = "<group>"; };
		078E135C132AB562004B7C60 /* ASIDownloadCache.m */ = {isa = PBXFileReference; fileEncoding = 4; lastKnownFileType = sourcecode.c.objc; path = ASIDownloadCache.m; sourceTree = "<group>"; };
		078E135D132AB562004B7C60 /* ASIFormDataRequest.h */ = {isa = PBXFileReference; fileEncoding = 4; lastKnownFileType = sourcecode.c.h; path = ASIFormDataRequest.h; sourceTree = "<group>"; };
		078E135E132AB562004B7C60 /* ASIFormDataRequest.m */ = {isa = PBXFileReference; fileEncoding = 4; lastKnownFileType = sourcecode.c.objc; path = ASIFormDataRequest.m; sourceTree = "<group>"; };
		078E135F132AB562004B7C60 /* ASIHTTPRequest.h */ = {isa = PBXFileReference; fileEncoding = 4; lastKnownFileType = sourcecode.c.h; path = ASIHTTPRequest.h; sourceTree = "<group>"; };
		078E1360132AB562004B7C60 /* ASIHTTPRequest.m */ = {isa = PBXFileReference; fileEncoding = 4; lastKnownFileType = sourcecode.c.objc; path = ASIHTTPRequest.m; sourceTree = "<group>"; };
		078E1361132AB562004B7C60 /* ASIHTTPRequestConfig.h */ = {isa = PBXFileReference; fileEncoding = 4; lastKnownFileType = sourcecode.c.h; path = ASIHTTPRequestConfig.h; sourceTree = "<group>"; };
		078E1362132AB562004B7C60 /* ASIHTTPRequestDelegate.h */ = {isa = PBXFileReference; fileEncoding = 4; lastKnownFileType = sourcecode.c.h; path = ASIHTTPRequestDelegate.h; sourceTree = "<group>"; };
		078E1363132AB562004B7C60 /* ASIInputStream.h */ = {isa = PBXFileReference; fileEncoding = 4; lastKnownFileType = sourcecode.c.h; path = ASIInputStream.h; sourceTree = "<group>"; };
		078E1364132AB562004B7C60 /* ASIInputStream.m */ = {isa = PBXFileReference; fileEncoding = 4; lastKnownFileType = sourcecode.c.objc; path = ASIInputStream.m; sourceTree = "<group>"; };
		078E1365132AB562004B7C60 /* ASINetworkQueue.h */ = {isa = PBXFileReference; fileEncoding = 4; lastKnownFileType = sourcecode.c.h; path = ASINetworkQueue.h; sourceTree = "<group>"; };
		078E1366132AB562004B7C60 /* ASINetworkQueue.m */ = {isa = PBXFileReference; fileEncoding = 4; lastKnownFileType = sourcecode.c.objc; path = ASINetworkQueue.m; sourceTree = "<group>"; };
		078E1367132AB562004B7C60 /* ASIProgressDelegate.h */ = {isa = PBXFileReference; fileEncoding = 4; lastKnownFileType = sourcecode.c.h; path = ASIProgressDelegate.h; sourceTree = "<group>"; };
		078E1370132AB584004B7C60 /* Reachability.h */ = {isa = PBXFileReference; fileEncoding = 4; lastKnownFileType = sourcecode.c.h; path = Reachability.h; sourceTree = "<group>"; };
		078E1371132AB584004B7C60 /* Reachability.m */ = {isa = PBXFileReference; fileEncoding = 4; lastKnownFileType = sourcecode.c.objc; path = Reachability.m; sourceTree = "<group>"; };
		078E1373132ABC3C004B7C60 /* ASIAuthenticationDialog.h */ = {isa = PBXFileReference; fileEncoding = 4; lastKnownFileType = sourcecode.c.h; path = ASIAuthenticationDialog.h; sourceTree = "<group>"; };
		078E1374132ABC3C004B7C60 /* ASIAuthenticationDialog.m */ = {isa = PBXFileReference; fileEncoding = 4; lastKnownFileType = sourcecode.c.objc; path = ASIAuthenticationDialog.m; sourceTree = "<group>"; };
		07ABF44E1344C8EB00370933 /* AudioToolbox.framework */ = {isa = PBXFileReference; lastKnownFileType = wrapper.framework; name = AudioToolbox.framework; path = System/Library/Frameworks/AudioToolbox.framework; sourceTree = SDKROOT; };
		07CA9AA01355FADE00307314 /* UIDevice-Hardware.h */ = {isa = PBXFileReference; fileEncoding = 4; lastKnownFileType = sourcecode.c.h; path = "UIDevice-Hardware.h"; sourceTree = "<group>"; };
		07CA9AA11355FADE00307314 /* UIDevice-Hardware.m */ = {isa = PBXFileReference; fileEncoding = 4; lastKnownFileType = sourcecode.c.objc; path = "UIDevice-Hardware.m"; sourceTree = "<group>"; };
		07CD95F11253D99500590FCD /* PreferencesController.h */ = {isa = PBXFileReference; fileEncoding = 4; lastKnownFileType = sourcecode.c.h; name = PreferencesController.h; path = Classes/PreferencesController.h; sourceTree = "<group>"; };
		07CD95F21253D99500590FCD /* PreferencesController.m */ = {isa = PBXFileReference; fileEncoding = 4; lastKnownFileType = sourcecode.c.objc; name = PreferencesController.m; path = Classes/PreferencesController.m; sourceTree = "<group>"; };
		07CD95F31253D99500590FCD /* PreferencesController.xib */ = {isa = PBXFileReference; lastKnownFileType = file.xib; name = PreferencesController.xib; path = Classes/PreferencesController.xib; sourceTree = "<group>"; };
		07CD96221253E13800590FCD /* LoginController.h */ = {isa = PBXFileReference; fileEncoding = 4; lastKnownFileType = sourcecode.c.h; name = LoginController.h; path = Classes/LoginController.h; sourceTree = "<group>"; };
		07CD96231253E13800590FCD /* LoginController.m */ = {isa = PBXFileReference; fileEncoding = 4; lastKnownFileType = sourcecode.c.objc; name = LoginController.m; path = Classes/LoginController.m; sourceTree = "<group>"; };
		07CD96241253E13800590FCD /* LoginController.xib */ = {isa = PBXFileReference; lastKnownFileType = file.xib; name = LoginController.xib; path = Classes/LoginController.xib; sourceTree = "<group>"; };
		07CD96C91254017500590FCD /* RootController.h */ = {isa = PBXFileReference; fileEncoding = 4; lastKnownFileType = sourcecode.c.h; path = RootController.h; sourceTree = "<group>"; };
		07CD96CA1254017500590FCD /* RootController.m */ = {isa = PBXFileReference; fileEncoding = 4; lastKnownFileType = sourcecode.c.objc; path = RootController.m; sourceTree = "<group>"; };
		07CEDA9912E9DD9E002B4EB5 /* LoggerClient.h */ = {isa = PBXFileReference; fileEncoding = 4; lastKnownFileType = sourcecode.c.h; path = LoggerClient.h; sourceTree = "<group>"; };
		07CEDA9A12E9DD9E002B4EB5 /* LoggerClient.m */ = {isa = PBXFileReference; fileEncoding = 4; lastKnownFileType = sourcecode.c.objc; path = LoggerClient.m; sourceTree = "<group>"; };
		07CEDA9B12E9DD9E002B4EB5 /* LoggerCommon.h */ = {isa = PBXFileReference; fileEncoding = 4; lastKnownFileType = sourcecode.c.h; path = LoggerCommon.h; sourceTree = "<group>"; };
		07D32396133BB74A00841BFD /* ScreenshotModule.h */ = {isa = PBXFileReference; fileEncoding = 4; lastKnownFileType = sourcecode.c.h; path = ScreenshotModule.h; sourceTree = "<group>"; };
		07D32397133BB74A00841BFD /* ScreenshotModule.m */ = {isa = PBXFileReference; fileEncoding = 4; lastKnownFileType = sourcecode.c.objc; path = ScreenshotModule.m; sourceTree = "<group>"; };
		07D32399133BC32C00841BFD /* PictureModule.h */ = {isa = PBXFileReference; fileEncoding = 4; lastKnownFileType = sourcecode.c.h; path = PictureModule.h; sourceTree = "<group>"; };
		07D3239A133BC32D00841BFD /* PictureModule.m */ = {isa = PBXFileReference; fileEncoding = 4; lastKnownFileType = sourcecode.c.objc; path = PictureModule.m; sourceTree = "<group>"; };
		07D3239C133BC6B100841BFD /* AVFoundation.framework */ = {isa = PBXFileReference; lastKnownFileType = wrapper.framework; name = AVFoundation.framework; path = System/Library/Frameworks/AVFoundation.framework; sourceTree = SDKROOT; };
		07D3239E133BC74A00841BFD /* CoreMedia.framework */ = {isa = PBXFileReference; lastKnownFileType = wrapper.framework; name = CoreMedia.framework; path = System/Library/Frameworks/CoreMedia.framework; sourceTree = SDKROOT; };
		07D3239F133BC74A00841BFD /* CoreVideo.framework */ = {isa = PBXFileReference; lastKnownFileType = wrapper.framework; name = CoreVideo.framework; path = System/Library/Frameworks/CoreVideo.framework; sourceTree = SDKROOT; };
		07DA04B013216E3A00FECCAD /* Entitlements.plist */ = {isa = PBXFileReference; fileEncoding = 4; lastKnownFileType = text.plist.xml; path = Entitlements.plist; sourceTree = "<group>"; };
		07DF36E213413B6E00F0F218 /* MessageUI.framework */ = {isa = PBXFileReference; lastKnownFileType = wrapper.framework; name = MessageUI.framework; path = System/Library/Frameworks/MessageUI.framework; sourceTree = SDKROOT; };
		07DF36E4134222BF00F0F218 /* PicturesController.h */ = {isa = PBXFileReference; fileEncoding = 4; lastKnownFileType = sourcecode.c.h; path = PicturesController.h; sourceTree = "<group>"; };
		07DF36E5134222BF00F0F218 /* PicturesController.m */ = {isa = PBXFileReference; fileEncoding = 4; lastKnownFileType = sourcecode.c.objc; path = PicturesController.m; sourceTree = "<group>"; };
		07DF36E71342389600F0F218 /* PicturesControllerDelegate.h */ = {isa = PBXFileReference; fileEncoding = 4; lastKnownFileType = sourcecode.c.h; path = PicturesControllerDelegate.h; sourceTree = "<group>"; };
		07DF36E81342389600F0F218 /* PicturesControllerDelegate.m */ = {isa = PBXFileReference; fileEncoding = 4; lastKnownFileType = sourcecode.c.objc; path = PicturesControllerDelegate.m; sourceTree = "<group>"; };
		1D30AB110D05D00D00671497 /* Foundation.framework */ = {isa = PBXFileReference; lastKnownFileType = wrapper.framework; name = Foundation.framework; path = System/Library/Frameworks/Foundation.framework; sourceTree = SDKROOT; };
		1D3623240D0F684500981E51 /* PreyAppDelegate.h */ = {isa = PBXFileReference; fileEncoding = 4; lastKnownFileType = sourcecode.c.h; path = PreyAppDelegate.h; sourceTree = "<group>"; };
		1D3623250D0F684500981E51 /* PreyAppDelegate.m */ = {isa = PBXFileReference; fileEncoding = 4; lastKnownFileType = sourcecode.c.objc; path = PreyAppDelegate.m; sourceTree = "<group>"; };
		1D6058910D05DD3D006BFB54 /* Prey.app */ = {isa = PBXFileReference; explicitFileType = wrapper.application; includeInIndex = 0; path = Prey.app; sourceTree = BUILT_PRODUCTS_DIR; };
		1DF5F4DF0D08C38300B7A737 /* UIKit.framework */ = {isa = PBXFileReference; lastKnownFileType = wrapper.framework; name = UIKit.framework; path = System/Library/Frameworks/UIKit.framework; sourceTree = SDKROOT; };
		288765FC0DF74451002DB57D /* CoreGraphics.framework */ = {isa = PBXFileReference; lastKnownFileType = wrapper.framework; name = CoreGraphics.framework; path = System/Library/Frameworks/CoreGraphics.framework; sourceTree = SDKROOT; };
		29B97316FDCFA39411CA2CEA /* main.m */ = {isa = PBXFileReference; fileEncoding = 4; lastKnownFileType = sourcecode.c.objc; path = main.m; sourceTree = "<group>"; };
		32CA4F630368D1EE00C91783 /* Prey_Prefix.pch */ = {isa = PBXFileReference; fileEncoding = 4; lastKnownFileType = sourcecode.c.h; path = Prey_Prefix.pch; sourceTree = "<group>"; };
		8D1107310486CEB800E47090 /* Prey-Info.plist */ = {isa = PBXFileReference; fileEncoding = 4; lastKnownFileType = text.plist.xml; path = "Prey-Info.plist"; plistStructureDefinitionIdentifier = "com.apple.xcode.plist.structure-definition.iphone.info-plist"; sourceTree = "<group>"; };
/* End PBXFileReference section */

/* Begin PBXFrameworksBuildPhase section */
		1D60588F0D05DD3D006BFB54 /* Frameworks */ = {
			isa = PBXFrameworksBuildPhase;
			buildActionMask = 2147483647;
			files = (
				077D7A3C126E171300C713B7 /* AudioToolbox.framework in Frameworks */,
				07DF36E313413B6F00F0F218 /* MessageUI.framework in Frameworks */,
				07D323A0133BC74B00841BFD /* CoreMedia.framework in Frameworks */,
				07D323A1133BC74B00841BFD /* CoreVideo.framework in Frameworks */,
				07D3239D133BC6B100841BFD /* AVFoundation.framework in Frameworks */,
				1D60589F0D05DD5A006BFB54 /* Foundation.framework in Frameworks */,
				1DF5F4E00D08C38300B7A737 /* UIKit.framework in Frameworks */,
				288765FD0DF74451002DB57D /* CoreGraphics.framework in Frameworks */,
				0780547D12554BDA00E4CCE5 /* CFNetwork.framework in Frameworks */,
				0780547F12554BDA00E4CCE5 /* MobileCoreServices.framework in Frameworks */,
				0780548112554BDA00E4CCE5 /* libz.1.2.3.dylib in Frameworks */,
				0780561D12564F1C00E4CCE5 /* SystemConfiguration.framework in Frameworks */,
				07178F2612675AD3007B290C /* CoreLocation.framework in Frameworks */,
				077D7B2D126F3C8400C713B7 /* AddressBook.framework in Frameworks */,
				077D7BA21270D79700C713B7 /* MapKit.framework in Frameworks */,
			);
			runOnlyForDeploymentPostprocessing = 0;
		};
/* End PBXFrameworksBuildPhase section */

/* Begin PBXGroup section */
		07178928125A4600007B290C /* Welcome Controller */ = {
			isa = PBXGroup;
			children = (
				071324311346353C00F7EFD8 /* WelcomeController.h */,
				071324321346353C00F7EFD8 /* WelcomeController.m */,
			);
			name = "Welcome Controller";
			sourceTree = "<group>";
		};
		0717896C125A6779007B290C /* Congratulations Controller */ = {
			isa = PBXGroup;
			children = (
				07132401134633EA00F7EFD8 /* CongratulationsController.h */,
				07132402134633EA00F7EFD8 /* CongratulationsController.m */,
			);
			name = "Congratulations Controller";
			sourceTree = "<group>";
		};
		07178976125B8498007B290C /* Images */ = {
			isa = PBXGroup;
			children = (
				073CABDC1367731900821032 /* 57px.png */,
				073CABDD1367731900821032 /* 114px.png */,
				0713246E134636BB00F7EFD8 /* email.png */,
				0713245C1346368200F7EFD8 /* logo.png */,
				0713245D1346368200F7EFD8 /* prey-iphone-front.png */,
				0713245E1346368200F7EFD8 /* prey-iphone-login.png */,
				0713245F1346368200F7EFD8 /* prey-iphone-ok.png */,
				071324601346368200F7EFD8 /* recycle-full.png */,
				071324611346368200F7EFD8 /* reload.png */,
			);
			name = Images;
			sourceTree = "<group>";
		};
		07178DA5126605A0007B290C /* Preferences Controller */ = {
			isa = PBXGroup;
			children = (
				0713241F134634CA00F7EFD8 /* LogController.h */,
				07132420134634CA00F7EFD8 /* LogController.m */,
				071324041346340500F7EFD8 /* DelayManager.h */,
				071324051346340500F7EFD8 /* DelayManager.m */,
				071323F91346332A00F7EFD8 /* AccuracyManager.h */,
				071323FA1346332A00F7EFD8 /* AccuracyManager.m */,
				07CD95F11253D99500590FCD /* PreferencesController.h */,
				07CD95F21253D99500590FCD /* PreferencesController.m */,
			);
			name = "Preferences Controller";
			sourceTree = "<group>";
		};
		07178E9B126641A0007B290C /* Setup Controllers */ = {
			isa = PBXGroup;
			children = (
				071324341346355000F7EFD8 /* SetupControllerTemplate.h */,
				071324351346355000F7EFD8 /* SetupControllerTemplate.m */,
				0717896C125A6779007B290C /* Congratulations Controller */,
				078055A31256370300E4CCE5 /* OldUser Controller */,
				07805591125636BB00E4CCE5 /* NewUser Controller */,
			);
			name = "Setup Controllers";
			sourceTree = "<group>";
		};
		07178F3B12675C2C007B290C /* Controllers */ = {
			isa = PBXGroup;
			children = (
				071324161346348400F7EFD8 /* FakeWebView.h */,
				071324171346348400F7EFD8 /* FakeWebView.m */,
				07178FA81268A47F007B290C /* Login Controller */,
				07178928125A4600007B290C /* Welcome Controller */,
				07178DA5126605A0007B290C /* Preferences Controller */,
				07178E9B126641A0007B290C /* Setup Controllers */,
			);
			name = Controllers;
			path = ..;
			sourceTree = "<group>";
		};
		07178FA81268A47F007B290C /* Login Controller */ = {
			isa = PBXGroup;
			children = (
				07CD96221253E13800590FCD /* LoginController.h */,
				07CD96231253E13800590FCD /* LoginController.m */,
			);
			name = "Login Controller";
			sourceTree = "<group>";
		};
		07783BA2126CDDEE007BD409 /* Prey Runner */ = {
			isa = PBXGroup;
			children = (
				0713244E134635C400F7EFD8 /* PreyRunner.h */,
				0713244F134635C400F7EFD8 /* PreyRunner.m */,
			);
			name = "Prey Runner";
			path = ..;
			sourceTree = "<group>";
		};
		07783BC8126CE55D007BD409 /* Prey Modules */ = {
			isa = PBXGroup;
			children = (
				071324401346358600F7EFD8 /* PreyModule.h */,
				071324411346358600F7EFD8 /* PreyModule.m */,
				071323F0134632C900F7EFD8 /* AlarmModule.h */,
				071323F1134632C900F7EFD8 /* AlarmModule.m */,
				07D32395133BB6F400841BFD /* Session Module */,
				077D7B24126F3BE000C713B7 /* Contacts Module */,
				077D7B23126F3B6E00C713B7 /* Geo Module */,
				077D7A66126E296400C713B7 /* Alert Module */,
			);
			name = "Prey Modules";
			path = ..;
			sourceTree = "<group>";
		};
		077D7A66126E296400C713B7 /* Alert Module */ = {
			isa = PBXGroup;
			children = (
				071323F2134632C900F7EFD8 /* AlertModule.h */,
				071323F3134632C900F7EFD8 /* AlertModule.m */,
				071323F4134632C900F7EFD8 /* AlertModuleController.h */,
				071323F5134632C900F7EFD8 /* AlertModuleController.m */,
			);
			name = "Alert Module";
			sourceTree = "<group>";
		};
		077D7B23126F3B6E00C713B7 /* Geo Module */ = {
			isa = PBXGroup;
			children = (
				0713243D1346357500F7EFD8 /* SignificantLocationController.h */,
				0713243E1346357500F7EFD8 /* SignificantLocationController.m */,
				0713242B1346350100F7EFD8 /* LocationController.h */,
				0713242C1346350100F7EFD8 /* LocationController.m */,
				0713242D1346350100F7EFD8 /* LocationModule.h */,
				0713242E1346350100F7EFD8 /* LocationModule.m */,
			);
			name = "Geo Module";
			sourceTree = "<group>";
		};
		077D7B24126F3BE000C713B7 /* Contacts Module */ = {
			isa = PBXGroup;
			children = (
				071324071346342700F7EFD8 /* ContactsModule.h */,
				071324081346342700F7EFD8 /* ContactsModule.m */,
			);
			name = "Contacts Module";
			sourceTree = "<group>";
		};
		078053FE125541DE00E4CCE5 /* ASIHttp */ = {
			isa = PBXGroup;
			children = (
				078E1373132ABC3C004B7C60 /* ASIAuthenticationDialog.h */,
				078E1374132ABC3C004B7C60 /* ASIAuthenticationDialog.m */,
				078E1356132AB562004B7C60 /* ASICacheDelegate.h */,
				078E1357132AB562004B7C60 /* ASIDataCompressor.h */,
				078E1358132AB562004B7C60 /* ASIDataCompressor.m */,
				078E1359132AB562004B7C60 /* ASIDataDecompressor.h */,
				078E135A132AB562004B7C60 /* ASIDataDecompressor.m */,
				078E135B132AB562004B7C60 /* ASIDownloadCache.h */,
				078E135C132AB562004B7C60 /* ASIDownloadCache.m */,
				078E135D132AB562004B7C60 /* ASIFormDataRequest.h */,
				078E135E132AB562004B7C60 /* ASIFormDataRequest.m */,
				078E135F132AB562004B7C60 /* ASIHTTPRequest.h */,
				078E1360132AB562004B7C60 /* ASIHTTPRequest.m */,
				078E1361132AB562004B7C60 /* ASIHTTPRequestConfig.h */,
				078E1362132AB562004B7C60 /* ASIHTTPRequestDelegate.h */,
				078E1363132AB562004B7C60 /* ASIInputStream.h */,
				078E1364132AB562004B7C60 /* ASIInputStream.m */,
				078E1365132AB562004B7C60 /* ASINetworkQueue.h */,
				078E1366132AB562004B7C60 /* ASINetworkQueue.m */,
				078E1367132AB562004B7C60 /* ASIProgressDelegate.h */,
			);
			name = ASIHttp;
			sourceTree = "<group>";
		};
		0780541E1255421800E4CCE5 /* Prey Http */ = {
			isa = PBXGroup;
			children = (
				078054CB1255537800E4CCE5 /* XML Parsers */,
				0713244C134635C400F7EFD8 /* PreyRestHttp.h */,
				0713244D134635C400F7EFD8 /* PreyRestHttp.m */,
			);
			name = "Prey Http";
			path = ..;
			sourceTree = "<group>";
		};
		078054221255425800E4CCE5 /* Prey Model */ = {
			isa = PBXGroup;
			children = (
				07132443134635A100F7EFD8 /* PreyConfig.h */,
				07132444134635A100F7EFD8 /* PreyConfig.m */,
				07132445134635A100F7EFD8 /* Report.h */,
				07132446134635A100F7EFD8 /* Report.m */,
				07132447134635A100F7EFD8 /* User.h */,
				07132448134635A100F7EFD8 /* User.m */,
				0713240A1346343C00F7EFD8 /* Constants.h */,
				0713240B1346343C00F7EFD8 /* Constants.m */,
				0713240C1346343C00F7EFD8 /* Device.h */,
				0713240D1346343C00F7EFD8 /* Device.m */,
				0713240E1346343C00F7EFD8 /* DeviceModulesConfig.h */,
				0713240F1346343C00F7EFD8 /* DeviceModulesConfig.m */,
			);
			name = "Prey Model";
			path = ..;
			sourceTree = "<group>";
		};
		07805429125542EF00E4CCE5 /* Prey Utils */ = {
			isa = PBXGroup;
			children = (
				07CA9AA01355FADE00307314 /* UIDevice-Hardware.h */,
				07CA9AA11355FADE00307314 /* UIDevice-Hardware.m */,
				071324371346356300F7EFD8 /* PreyLogger.h */,
				071324381346356300F7EFD8 /* PreyLogger.m */,
				071324391346356300F7EFD8 /* RegexKitLite.h */,
				0713243A1346356300F7EFD8 /* RegexKitLite.m */,
				07132428134634F300F7EFD8 /* MBProgressHUD.h */,
				07132429134634F300F7EFD8 /* MBProgressHUD.m */,
				071324131346346F00F7EFD8 /* IphoneInformationHelper.h */,
				071324141346346F00F7EFD8 /* IphoneInformationHelper.m */,
			);
			name = "Prey Utils";
			path = ..;
			sourceTree = "<group>";
		};
		078054CB1255537800E4CCE5 /* XML Parsers */ = {
			isa = PBXGroup;
			children = (
				071324191346349A00F7EFD8 /* ErrorParserDelegate.h */,
				0713241A1346349A00F7EFD8 /* ErrorParserDelegate.m */,
				0713241B1346349A00F7EFD8 /* KeyParserDelegate.h */,
				0713241C1346349A00F7EFD8 /* KeyParserDelegate.m */,
				071323FC1346339A00F7EFD8 /* ConfigParserDelegate.h */,
				071323FD1346339A00F7EFD8 /* ConfigParserDelegate.m */,
			);
			name = "XML Parsers";
			sourceTree = "<group>";
		};
		07805591125636BB00E4CCE5 /* NewUser Controller */ = {
			isa = PBXGroup;
			children = (
				07132425134634E600F7EFD8 /* NewUserController.h */,
				07132426134634E600F7EFD8 /* NewUserController.m */,
			);
			name = "NewUser Controller";
			sourceTree = "<group>";
		};
		078055A31256370300E4CCE5 /* OldUser Controller */ = {
			isa = PBXGroup;
			children = (
				07132422134634D900F7EFD8 /* OldUserController.h */,
				07132423134634D900F7EFD8 /* OldUserController.m */,
			);
			name = "OldUser Controller";
			sourceTree = "<group>";
		};
		078E136F132AB583004B7C60 /* Reachability */ = {
			isa = PBXGroup;
			children = (
				078E1370132AB584004B7C60 /* Reachability.h */,
				078E1371132AB584004B7C60 /* Reachability.m */,
			);
			path = Reachability;
			sourceTree = "<group>";
		};
		07CEDA9812E9DD77002B4EB5 /* NSLogger */ = {
			isa = PBXGroup;
			children = (
				07CEDA9912E9DD9E002B4EB5 /* LoggerClient.h */,
				07CEDA9A12E9DD9E002B4EB5 /* LoggerClient.m */,
				07CEDA9B12E9DD9E002B4EB5 /* LoggerCommon.h */,
			);
			name = NSLogger;
			sourceTree = "<group>";
		};
		07D32395133BB6F400841BFD /* Session Module */ = {
			isa = PBXGroup;
			children = (
				07D32396133BB74A00841BFD /* ScreenshotModule.h */,
				07D32397133BB74A00841BFD /* ScreenshotModule.m */,
				07D32399133BC32C00841BFD /* PictureModule.h */,
				07D3239A133BC32D00841BFD /* PictureModule.m */,
				07DF36E4134222BF00F0F218 /* PicturesController.h */,
				07DF36E5134222BF00F0F218 /* PicturesController.m */,
				07DF36E71342389600F0F218 /* PicturesControllerDelegate.h */,
				07DF36E81342389600F0F218 /* PicturesControllerDelegate.m */,
			);
			name = "Session Module";
			path = Classes;
			sourceTree = "<group>";
		};
		080E96DDFE201D6D7F000001 /* Classes */ = {
			isa = PBXGroup;
			children = (
				078E136F132AB583004B7C60 /* Reachability */,
				07CEDA9812E9DD77002B4EB5 /* NSLogger */,
				07178F3B12675C2C007B290C /* Controllers */,
				07805429125542EF00E4CCE5 /* Prey Utils */,
				07783BC8126CE55D007BD409 /* Prey Modules */,
				078054221255425800E4CCE5 /* Prey Model */,
				07783BA2126CDDEE007BD409 /* Prey Runner */,
				0780541E1255421800E4CCE5 /* Prey Http */,
				078053FE125541DE00E4CCE5 /* ASIHttp */,
				1D3623240D0F684500981E51 /* PreyAppDelegate.h */,
				1D3623250D0F684500981E51 /* PreyAppDelegate.m */,
				07CD96C91254017500590FCD /* RootController.h */,
				07CD96CA1254017500590FCD /* RootController.m */,
			);
			path = Classes;
			sourceTree = "<group>";
		};
		19C28FACFE9D520D11CA2CBB /* Products */ = {
			isa = PBXGroup;
			children = (
				1D6058910D05DD3D006BFB54 /* Prey.app */,
			);
			name = Products;
			sourceTree = "<group>";
		};
		29B97314FDCFA39411CA2CEA /* CustomTemplate */ = {
			isa = PBXGroup;
			children = (
				080E96DDFE201D6D7F000001 /* Classes */,
				29B97315FDCFA39411CA2CEA /* Other Sources */,
				29B97317FDCFA39411CA2CEA /* Resources */,
				29B97323FDCFA39411CA2CEA /* Frameworks */,
				19C28FACFE9D520D11CA2CBB /* Products */,
				07DA04B013216E3A00FECCAD /* Entitlements.plist */,
			);
			name = CustomTemplate;
			sourceTree = "<group>";
		};
		29B97315FDCFA39411CA2CEA /* Other Sources */ = {
			isa = PBXGroup;
			children = (
				32CA4F630368D1EE00C91783 /* Prey_Prefix.pch */,
				29B97316FDCFA39411CA2CEA /* main.m */,
			);
			name = "Other Sources";
			sourceTree = "<group>";
		};
		29B97317FDCFA39411CA2CEA /* Resources */ = {
			isa = PBXGroup;
			children = (
				07132470134639DF00F7EFD8 /* Localizable.strings */,
				071324681346369200F7EFD8 /* large9.ttf */,
				071324691346369200F7EFD8 /* NewJuneBold.otf */,
				0713246A1346369200F7EFD8 /* siren.mp3 */,
				071324541346363300F7EFD8 /* AlertModuleController.xib */,
				071324551346363300F7EFD8 /* MainWindow.xib */,
				071324561346363300F7EFD8 /* NewUserController.xib */,
				071324571346363300F7EFD8 /* OldUserController.xib */,
				07132452134635DC00F7EFD8 /* WelcomeController.xib */,
				071323FF134633B800F7EFD8 /* CongratulationsController.xib */,
				07CD95F31253D99500590FCD /* PreferencesController.xib */,
				07CD96241253E13800590FCD /* LoginController.xib */,
				07178976125B8498007B290C /* Images */,
				8D1107310486CEB800E47090 /* Prey-Info.plist */,
			);
			name = Resources;
			sourceTree = "<group>";
		};
		29B97323FDCFA39411CA2CEA /* Frameworks */ = {
			isa = PBXGroup;
			children = (
				07ABF44E1344C8EB00370933 /* AudioToolbox.framework */,
				07DF36E213413B6E00F0F218 /* MessageUI.framework */,
				07D3239E133BC74A00841BFD /* CoreMedia.framework */,
				07D3239F133BC74A00841BFD /* CoreVideo.framework */,
				07D3239C133BC6B100841BFD /* AVFoundation.framework */,
				077D7BA11270D79700C713B7 /* MapKit.framework */,
				077D7B2C126F3C8400C713B7 /* AddressBook.framework */,
				07178F2512675AD3007B290C /* CoreLocation.framework */,
				0780561C12564F1C00E4CCE5 /* SystemConfiguration.framework */,
				0780547C12554BDA00E4CCE5 /* CFNetwork.framework */,
				0780547E12554BDA00E4CCE5 /* MobileCoreServices.framework */,
				0780548012554BDA00E4CCE5 /* libz.1.2.3.dylib */,
				1DF5F4DF0D08C38300B7A737 /* UIKit.framework */,
				1D30AB110D05D00D00671497 /* Foundation.framework */,
				288765FC0DF74451002DB57D /* CoreGraphics.framework */,
				077D7A3B126E171300C713B7 /* AudioToolbox.framework */,
			);
			name = Frameworks;
			sourceTree = "<group>";
		};
/* End PBXGroup section */

/* Begin PBXNativeTarget section */
		1D6058900D05DD3D006BFB54 /* Prey */ = {
			isa = PBXNativeTarget;
			buildConfigurationList = 1D6058960D05DD3E006BFB54 /* Build configuration list for PBXNativeTarget "Prey" */;
			buildPhases = (
				1D60588D0D05DD3D006BFB54 /* Resources */,
				1D60588E0D05DD3D006BFB54 /* Sources */,
				1D60588F0D05DD3D006BFB54 /* Frameworks */,
			);
			buildRules = (
			);
			dependencies = (
			);
			name = Prey;
			productName = Prey;
			productReference = 1D6058910D05DD3D006BFB54 /* Prey.app */;
			productType = "com.apple.product-type.application";
		};
/* End PBXNativeTarget section */

/* Begin PBXProject section */
		29B97313FDCFA39411CA2CEA /* Project object */ = {
			isa = PBXProject;
			attributes = {
				ORGANIZATIONNAME = "Fork Ltd.";
			};
			buildConfigurationList = C01FCF4E08A954540054247B /* Build configuration list for PBXProject "Prey" */;
			compatibilityVersion = "Xcode 3.2";
			developmentRegion = English;
			hasScannedForEncodings = 1;
			knownRegions = (
				English,
				Japanese,
				French,
				German,
				en,
				es,
			);
			mainGroup = 29B97314FDCFA39411CA2CEA /* CustomTemplate */;
			projectDirPath = "";
			projectRoot = "";
			targets = (
				1D6058900D05DD3D006BFB54 /* Prey */,
			);
		};
/* End PBXProject section */

/* Begin PBXResourcesBuildPhase section */
		1D60588D0D05DD3D006BFB54 /* Resources */ = {
			isa = PBXResourcesBuildPhase;
			buildActionMask = 2147483647;
			files = (
				07CD95F51253D99500590FCD /* PreferencesController.xib in Resources */,
				07CD96261253E13800590FCD /* LoginController.xib in Resources */,
				07132400134633B800F7EFD8 /* CongratulationsController.xib in Resources */,
				07132453134635DC00F7EFD8 /* WelcomeController.xib in Resources */,
				071324581346363300F7EFD8 /* AlertModuleController.xib in Resources */,
				071324591346363300F7EFD8 /* MainWindow.xib in Resources */,
				0713245A1346363300F7EFD8 /* NewUserController.xib in Resources */,
				0713245B1346363300F7EFD8 /* OldUserController.xib in Resources */,
				071324621346368200F7EFD8 /* logo.png in Resources */,
				071324631346368200F7EFD8 /* prey-iphone-front.png in Resources */,
				071324641346368200F7EFD8 /* prey-iphone-login.png in Resources */,
				071324651346368200F7EFD8 /* prey-iphone-ok.png in Resources */,
				071324661346368200F7EFD8 /* recycle-full.png in Resources */,
				071324671346368200F7EFD8 /* reload.png in Resources */,
				0713246B1346369200F7EFD8 /* large9.ttf in Resources */,
				0713246C1346369200F7EFD8 /* NewJuneBold.otf in Resources */,
				0713246D1346369200F7EFD8 /* siren.mp3 in Resources */,
				0713246F134636BB00F7EFD8 /* email.png in Resources */,
				07132472134639DF00F7EFD8 /* Localizable.strings in Resources */,
				07132474134639E800F7EFD8 /* Localizable.strings in Resources */,
				073CABDE1367731900821032 /* 57px.png in Resources */,
				073CABDF1367731900821032 /* 114px.png in Resources */,
			);
			runOnlyForDeploymentPostprocessing = 0;
		};
/* End PBXResourcesBuildPhase section */

/* Begin PBXSourcesBuildPhase section */
		1D60588E0D05DD3D006BFB54 /* Sources */ = {
			isa = PBXSourcesBuildPhase;
			buildActionMask = 2147483647;
			files = (
				1D60589B0D05DD56006BFB54 /* main.m in Sources */,
				1D3623260D0F684500981E51 /* PreyAppDelegate.m in Sources */,
				07CD96251253E13800590FCD /* LoginController.m in Sources */,
				07CD96CB1254017500590FCD /* RootController.m in Sources */,
				07CEDA9C12E9DD9E002B4EB5 /* LoggerClient.m in Sources */,
				07DA037E132013D900FECCAD /* PreferencesController.m in Sources */,
				078E1368132AB562004B7C60 /* ASIDataCompressor.m in Sources */,
				078E1369132AB562004B7C60 /* ASIDataDecompressor.m in Sources */,
				078E136A132AB562004B7C60 /* ASIDownloadCache.m in Sources */,
				078E136B132AB562004B7C60 /* ASIFormDataRequest.m in Sources */,
				078E136C132AB562004B7C60 /* ASIHTTPRequest.m in Sources */,
				078E136D132AB562004B7C60 /* ASIInputStream.m in Sources */,
				078E136E132AB562004B7C60 /* ASINetworkQueue.m in Sources */,
				078E1372132AB584004B7C60 /* Reachability.m in Sources */,
				078E1375132ABC3C004B7C60 /* ASIAuthenticationDialog.m in Sources */,
				07D32398133BB74A00841BFD /* ScreenshotModule.m in Sources */,
				07D3239B133BC32D00841BFD /* PictureModule.m in Sources */,
				07DF36E6134222BF00F0F218 /* PicturesController.m in Sources */,
				07DF36E91342389700F0F218 /* PicturesControllerDelegate.m in Sources */,
				071323F6134632C900F7EFD8 /* AlarmModule.m in Sources */,
				071323F7134632C900F7EFD8 /* AlertModule.m in Sources */,
				071323F8134632C900F7EFD8 /* AlertModuleController.m in Sources */,
				071323FB1346332A00F7EFD8 /* AccuracyManager.m in Sources */,
				071323FE1346339A00F7EFD8 /* ConfigParserDelegate.m in Sources */,
				07132403134633EA00F7EFD8 /* CongratulationsController.m in Sources */,
				071324061346340500F7EFD8 /* DelayManager.m in Sources */,
				071324091346342700F7EFD8 /* ContactsModule.m in Sources */,
				071324101346343C00F7EFD8 /* Constants.m in Sources */,
				071324111346343C00F7EFD8 /* Device.m in Sources */,
				071324121346343C00F7EFD8 /* DeviceModulesConfig.m in Sources */,
				071324151346346F00F7EFD8 /* IphoneInformationHelper.m in Sources */,
				071324181346348400F7EFD8 /* FakeWebView.m in Sources */,
				0713241D1346349A00F7EFD8 /* ErrorParserDelegate.m in Sources */,
				0713241E1346349A00F7EFD8 /* KeyParserDelegate.m in Sources */,
				07132421134634CA00F7EFD8 /* LogController.m in Sources */,
				07132424134634D900F7EFD8 /* OldUserController.m in Sources */,
				07132427134634E600F7EFD8 /* NewUserController.m in Sources */,
				0713242A134634F300F7EFD8 /* MBProgressHUD.m in Sources */,
				0713242F1346350100F7EFD8 /* LocationController.m in Sources */,
				071324301346350100F7EFD8 /* LocationModule.m in Sources */,
				071324331346353C00F7EFD8 /* WelcomeController.m in Sources */,
				071324361346355000F7EFD8 /* SetupControllerTemplate.m in Sources */,
				0713243B1346356300F7EFD8 /* PreyLogger.m in Sources */,
				0713243C1346356300F7EFD8 /* RegexKitLite.m in Sources */,
				0713243F1346357500F7EFD8 /* SignificantLocationController.m in Sources */,
				071324421346358600F7EFD8 /* PreyModule.m in Sources */,
				07132449134635A100F7EFD8 /* PreyConfig.m in Sources */,
				0713244A134635A100F7EFD8 /* Report.m in Sources */,
				0713244B134635A100F7EFD8 /* User.m in Sources */,
				07132450134635C400F7EFD8 /* PreyRestHttp.m in Sources */,
				07132451134635C400F7EFD8 /* PreyRunner.m in Sources */,
				07CA9AA21355FADE00307314 /* UIDevice-Hardware.m in Sources */,
			);
			runOnlyForDeploymentPostprocessing = 0;
		};
/* End PBXSourcesBuildPhase section */

/* Begin PBXVariantGroup section */
		07132470134639DF00F7EFD8 /* Localizable.strings */ = {
			isa = PBXVariantGroup;
			children = (
				07132471134639DF00F7EFD8 /* en */,
				07132473134639E800F7EFD8 /* es */,
			);
			name = Localizable.strings;
			sourceTree = "<group>";
		};
/* End PBXVariantGroup section */

/* Begin XCBuildConfiguration section */
		07DA04A613213F2200FECCAD /* Ad Hoc */ = {
			isa = XCBuildConfiguration;
			buildSettings = {
				ARCHS = "$(ARCHS_STANDARD_32_BIT)";
				CODE_SIGN_ENTITLEMENTS = Entitlements.plist;
				"CODE_SIGN_IDENTITY[sdk=iphoneos*]" = "iPhone Distribution: Fork Ltd.";
				GCC_C_LANGUAGE_STANDARD = c99;
				GCC_WARN_ABOUT_RETURN_TYPE = YES;
				GCC_WARN_UNUSED_VARIABLE = YES;
				IPHONEOS_DEPLOYMENT_TARGET = 4.0;
				OTHER_CFLAGS = "-DNS_BLOCK_ASSERTIONS=1";
				OTHER_LDFLAGS = "-licucore";
				PREBINDING = NO;
				"PROVISIONING_PROFILE[sdk=iphoneos*]" = "BC60B28A-BE76-4253-8896-CF3ABEF95DEF";
				SDKROOT = iphoneos;
			};
			name = "Ad Hoc";
		};
		07DA04A713213F2200FECCAD /* Ad Hoc */ = {
			isa = XCBuildConfiguration;
			buildSettings = {
				ALWAYS_SEARCH_USER_PATHS = NO;
				CODE_SIGN_ENTITLEMENTS = "~/Development/prey/prey-for-iphone/Entitlements.plist";
				CODE_SIGN_IDENTITY = "iPhone Distribution: Fork Ltd.";
				"CODE_SIGN_IDENTITY[sdk=iphoneos*]" = "iPhone Distribution: Fork Ltd.";
				COPY_PHASE_STRIP = YES;
				GCC_PRECOMPILE_PREFIX_HEADER = YES;
				GCC_PREFIX_HEADER = Prey_Prefix.pch;
				INFOPLIST_FILE = "Prey-Info.plist";
				IPHONEOS_DEPLOYMENT_TARGET = 4.0;
				PRODUCT_NAME = Prey;
				PROVISIONING_PROFILE = "1700790D-1664-4889-9EC5-6387CB145FD0";
				"PROVISIONING_PROFILE[sdk=iphoneos*]" = "1700790D-1664-4889-9EC5-6387CB145FD0";
				TARGETED_DEVICE_FAMILY = 1;
				VALIDATE_PRODUCT = YES;
			};
			name = "Ad Hoc";
		};
		1D6058940D05DD3E006BFB54 /* Debug */ = {
			isa = XCBuildConfiguration;
			buildSettings = {
				ALWAYS_SEARCH_USER_PATHS = NO;
				CODE_SIGN_ENTITLEMENTS = "~/Development/prey/prey-for-iphone/Entitlements.plist";
				COPY_PHASE_STRIP = NO;
				GCC_DYNAMIC_NO_PIC = NO;
				GCC_OPTIMIZATION_LEVEL = 0;
				GCC_PRECOMPILE_PREFIX_HEADER = YES;
				GCC_PREFIX_HEADER = Prey_Prefix.pch;
				INFOPLIST_FILE = "Prey-Info.plist";
				IPHONEOS_DEPLOYMENT_TARGET = 4.0;
				PRODUCT_NAME = Prey;
				TARGETED_DEVICE_FAMILY = 1;
			};
			name = Debug;
		};
		1D6058950D05DD3E006BFB54 /* Release */ = {
			isa = XCBuildConfiguration;
			buildSettings = {
				ALWAYS_SEARCH_USER_PATHS = NO;
				CODE_SIGN_ENTITLEMENTS = "~/Development/prey/prey-for-iphone/Entitlements.plist";
				COPY_PHASE_STRIP = YES;
				GCC_PRECOMPILE_PREFIX_HEADER = YES;
				GCC_PREFIX_HEADER = Prey_Prefix.pch;
				INFOPLIST_FILE = "Prey-Info.plist";
				IPHONEOS_DEPLOYMENT_TARGET = 4.0;
				PRODUCT_NAME = Prey;
				TARGETED_DEVICE_FAMILY = 1;
				VALIDATE_PRODUCT = YES;
			};
			name = Release;
		};
		C01FCF4F08A954540054247B /* Debug */ = {
			isa = XCBuildConfiguration;
			buildSettings = {
				ARCHS = "$(ARCHS_STANDARD_32_BIT)";
				"CODE_SIGN_IDENTITY[sdk=iphoneos*]" = "iPhone Developer: Carlos Hitschfeld (557PC8PTLT)";
				GCC_C_LANGUAGE_STANDARD = c99;
				GCC_WARN_ABOUT_RETURN_TYPE = YES;
				GCC_WARN_UNUSED_VARIABLE = YES;
				IPHONEOS_DEPLOYMENT_TARGET = 4.0;
				ONLY_ACTIVE_ARCH = YES;
				OTHER_LDFLAGS = "-licucore";
				PREBINDING = NO;
				SDKROOT = iphoneos;
			};
			name = Debug;
		};
		C01FCF5008A954540054247B /* Release */ = {
			isa = XCBuildConfiguration;
			buildSettings = {
				ARCHS = "$(ARCHS_STANDARD_32_BIT)";
				"CODE_SIGN_IDENTITY[sdk=iphoneos*]" = "iPhone Developer: Carlos Hitschfeld (557PC8PTLT)";
				GCC_C_LANGUAGE_STANDARD = c99;
				GCC_WARN_ABOUT_RETURN_TYPE = YES;
				GCC_WARN_UNUSED_VARIABLE = YES;
				IPHONEOS_DEPLOYMENT_TARGET = 4.0;
				OTHER_CFLAGS = "-DNS_BLOCK_ASSERTIONS=1";
				OTHER_LDFLAGS = "-licucore";
				PREBINDING = NO;
				SDKROOT = iphoneos;
			};
			name = Release;
		};
/* End XCBuildConfiguration section */

/* Begin XCConfigurationList section */
		1D6058960D05DD3E006BFB54 /* Build configuration list for PBXNativeTarget "Prey" */ = {
			isa = XCConfigurationList;
			buildConfigurations = (
				1D6058940D05DD3E006BFB54 /* Debug */,
				1D6058950D05DD3E006BFB54 /* Release */,
				07DA04A713213F2200FECCAD /* Ad Hoc */,
			);
			defaultConfigurationIsVisible = 0;
			defaultConfigurationName = Release;
		};
		C01FCF4E08A954540054247B /* Build configuration list for PBXProject "Prey" */ = {
			isa = XCConfigurationList;
			buildConfigurations = (
				C01FCF4F08A954540054247B /* Debug */,
				C01FCF5008A954540054247B /* Release */,
				07DA04A613213F2200FECCAD /* Ad Hoc */,
			);
			defaultConfigurationIsVisible = 0;
			defaultConfigurationName = Release;
		};
/* End XCConfigurationList section */
	};
	rootObject = 29B97313FDCFA39411CA2CEA /* Project object */;
}
